// !$*UTF8*$!
{
	archiveVersion = 1;
	classes = {
	};
	objectVersion = 56;
	objects = {

/* Begin PBXBuildFile section */
		0EB3AA1E28DC7E09006249D3 /* NanumGothic.otf in Resources */ = {isa = PBXBuildFile; fileRef = 0EB3AA1A28DC7E09006249D3 /* NanumGothic.otf */; };
		0EB3AA1F28DC7E09006249D3 /* NanumGothicBold.otf in Resources */ = {isa = PBXBuildFile; fileRef = 0EB3AA1B28DC7E09006249D3 /* NanumGothicBold.otf */; };
		0EB3AA2028DC7E09006249D3 /* Roboto-Black.ttf in Resources */ = {isa = PBXBuildFile; fileRef = 0EB3AA1C28DC7E09006249D3 /* Roboto-Black.ttf */; };
		0EB3AA2128DC7E09006249D3 /* Roboto-Regular.ttf in Resources */ = {isa = PBXBuildFile; fileRef = 0EB3AA1D28DC7E09006249D3 /* Roboto-Regular.ttf */; };
		0EB3AA2328DCA7A1006249D3 /* FontVC.swift in Sources */ = {isa = PBXBuildFile; fileRef = 0EB3AA2228DCA7A1006249D3 /* FontVC.swift */; };
		0EECB81828DB28B000BFB1D4 /* LoginVC.swift in Sources */ = {isa = PBXBuildFile; fileRef = 0EECB81728DB28B000BFB1D4 /* LoginVC.swift */; };
		0EF25B2128D880370098B038 /* AppDelegate.swift in Sources */ = {isa = PBXBuildFile; fileRef = 0EF25B2028D880370098B038 /* AppDelegate.swift */; };
		0EF25B2328D880370098B038 /* SceneDelegate.swift in Sources */ = {isa = PBXBuildFile; fileRef = 0EF25B2228D880370098B038 /* SceneDelegate.swift */; };
		0EF25B2528D880370098B038 /* StartVC.swift in Sources */ = {isa = PBXBuildFile; fileRef = 0EF25B2428D880370098B038 /* StartVC.swift */; };
		0EF25B2A28D880380098B038 /* Assets.xcassets in Resources */ = {isa = PBXBuildFile; fileRef = 0EF25B2928D880380098B038 /* Assets.xcassets */; };
		0EF25B2D28D880380098B038 /* LaunchScreen.storyboard in Resources */ = {isa = PBXBuildFile; fileRef = 0EF25B2B28D880380098B038 /* LaunchScreen.storyboard */; };
		84EAFF25C5AAC09F2A36EE4A /* Pods_StudyOfStock.framework in Frameworks */ = {isa = PBXBuildFile; fileRef = CEEED44C6EB7EC11EB197E47 /* Pods_StudyOfStock.framework */; };
/* End PBXBuildFile section */

/* Begin PBXFileReference section */
		0EB3AA1A28DC7E09006249D3 /* NanumGothic.otf */ = {isa = PBXFileReference; lastKnownFileType = file; name = NanumGothic.otf; path = "../../../Downloads/나눔 글꼴/나눔고딕/NanumFontSetup_OTF_GOTHIC/NanumGothic.otf"; sourceTree = "<group>"; };
		0EB3AA1B28DC7E09006249D3 /* NanumGothicBold.otf */ = {isa = PBXFileReference; lastKnownFileType = file; name = NanumGothicBold.otf; path = "../../../Downloads/나눔 글꼴/나눔고딕/NanumFontSetup_OTF_GOTHIC/NanumGothicBold.otf"; sourceTree = "<group>"; };
		0EB3AA1C28DC7E09006249D3 /* Roboto-Black.ttf */ = {isa = PBXFileReference; lastKnownFileType = file; name = "Roboto-Black.ttf"; path = "../../../Downloads/나눔 글꼴/나눔고딕/NanumFontSetup_OTF_GOTHIC/Roboto-Black.ttf"; sourceTree = "<group>"; };
		0EB3AA1D28DC7E09006249D3 /* Roboto-Regular.ttf */ = {isa = PBXFileReference; lastKnownFileType = file; name = "Roboto-Regular.ttf"; path = "../../../Downloads/나눔 글꼴/나눔고딕/NanumFontSetup_OTF_GOTHIC/Roboto-Regular.ttf"; sourceTree = "<group>"; };
		0EB3AA2228DCA7A1006249D3 /* FontVC.swift */ = {isa = PBXFileReference; lastKnownFileType = sourcecode.swift; path = FontVC.swift; sourceTree = "<group>"; };
		0EECB81728DB28B000BFB1D4 /* LoginVC.swift */ = {isa = PBXFileReference; lastKnownFileType = sourcecode.swift; path = LoginVC.swift; sourceTree = "<group>"; };
		0EF25B1D28D880370098B038 /* StudyOfStock.app */ = {isa = PBXFileReference; explicitFileType = wrapper.application; includeInIndex = 0; path = StudyOfStock.app; sourceTree = BUILT_PRODUCTS_DIR; };
		0EF25B2028D880370098B038 /* AppDelegate.swift */ = {isa = PBXFileReference; lastKnownFileType = sourcecode.swift; path = AppDelegate.swift; sourceTree = "<group>"; };
		0EF25B2228D880370098B038 /* SceneDelegate.swift */ = {isa = PBXFileReference; lastKnownFileType = sourcecode.swift; path = SceneDelegate.swift; sourceTree = "<group>"; };
		0EF25B2428D880370098B038 /* StartVC.swift */ = {isa = PBXFileReference; lastKnownFileType = sourcecode.swift; path = StartVC.swift; sourceTree = "<group>"; };
		0EF25B2928D880380098B038 /* Assets.xcassets */ = {isa = PBXFileReference; lastKnownFileType = folder.assetcatalog; path = Assets.xcassets; sourceTree = "<group>"; };
		0EF25B2C28D880380098B038 /* Base */ = {isa = PBXFileReference; lastKnownFileType = file.storyboard; name = Base; path = Base.lproj/LaunchScreen.storyboard; sourceTree = "<group>"; };
		0EF25B2E28D880380098B038 /* Info.plist */ = {isa = PBXFileReference; lastKnownFileType = text.plist.xml; path = Info.plist; sourceTree = "<group>"; };
		C13C7120FF415A6A8EE5FCA1 /* Pods-StudyOfStock.release.xcconfig */ = {isa = PBXFileReference; includeInIndex = 1; lastKnownFileType = text.xcconfig; name = "Pods-StudyOfStock.release.xcconfig"; path = "Target Support Files/Pods-StudyOfStock/Pods-StudyOfStock.release.xcconfig"; sourceTree = "<group>"; };
		CEEED44C6EB7EC11EB197E47 /* Pods_StudyOfStock.framework */ = {isa = PBXFileReference; explicitFileType = wrapper.framework; includeInIndex = 0; path = Pods_StudyOfStock.framework; sourceTree = BUILT_PRODUCTS_DIR; };
		E2FD5BFDAA7327157F3BCD1B /* Pods-StudyOfStock.debug.xcconfig */ = {isa = PBXFileReference; includeInIndex = 1; lastKnownFileType = text.xcconfig; name = "Pods-StudyOfStock.debug.xcconfig"; path = "Target Support Files/Pods-StudyOfStock/Pods-StudyOfStock.debug.xcconfig"; sourceTree = "<group>"; };
/* End PBXFileReference section */

/* Begin PBXFrameworksBuildPhase section */
		0EF25B1A28D880370098B038 /* Frameworks */ = {
			isa = PBXFrameworksBuildPhase;
			buildActionMask = 2147483647;
			files = (
				84EAFF25C5AAC09F2A36EE4A /* Pods_StudyOfStock.framework in Frameworks */,
			);
			runOnlyForDeploymentPostprocessing = 0;
		};
/* End PBXFrameworksBuildPhase section */

/* Begin PBXGroup section */
		0EB3AA1928DC7C4C006249D3 /* font */ = {
			isa = PBXGroup;
			children = (
				0EB3AA1A28DC7E09006249D3 /* NanumGothic.otf */,
				0EB3AA1B28DC7E09006249D3 /* NanumGothicBold.otf */,
				0EB3AA1C28DC7E09006249D3 /* Roboto-Black.ttf */,
				0EB3AA1D28DC7E09006249D3 /* Roboto-Regular.ttf */,
			);
			name = font;
			path = ..;
			sourceTree = "<group>";
		};
		0EF25B1428D880370098B038 = {
			isa = PBXGroup;
			children = (
				0EF25B1F28D880370098B038 /* StudyOfStock */,
				0EF25B1E28D880370098B038 /* Products */,
				5D92D822EFC864E769B0CAD7 /* Pods */,
				B99E23351650FE168143F56D /* Frameworks */,
			);
			sourceTree = "<group>";
		};
		0EF25B1E28D880370098B038 /* Products */ = {
			isa = PBXGroup;
			children = (
				0EF25B1D28D880370098B038 /* StudyOfStock.app */,
			);
			name = Products;
			sourceTree = "<group>";
		};
		0EF25B1F28D880370098B038 /* StudyOfStock */ = {
			isa = PBXGroup;
			children = (
				0EF25B2028D880370098B038 /* AppDelegate.swift */,
				0EF25B2228D880370098B038 /* SceneDelegate.swift */,
				0EF25B2428D880370098B038 /* StartVC.swift */,
				0EECB81728DB28B000BFB1D4 /* LoginVC.swift */,
				0EB3AA2228DCA7A1006249D3 /* FontVC.swift */,
				0EF25B2928D880380098B038 /* Assets.xcassets */,
				0EF25B2B28D880380098B038 /* LaunchScreen.storyboard */,
				0EF25B2E28D880380098B038 /* Info.plist */,
				0EB3AA1928DC7C4C006249D3 /* font */,
			);
			path = StudyOfStock;
			sourceTree = "<group>";
		};
		5D92D822EFC864E769B0CAD7 /* Pods */ = {
			isa = PBXGroup;
			children = (
				E2FD5BFDAA7327157F3BCD1B /* Pods-StudyOfStock.debug.xcconfig */,
				C13C7120FF415A6A8EE5FCA1 /* Pods-StudyOfStock.release.xcconfig */,
			);
			path = Pods;
			sourceTree = "<group>";
		};
		B99E23351650FE168143F56D /* Frameworks */ = {
			isa = PBXGroup;
			children = (
				CEEED44C6EB7EC11EB197E47 /* Pods_StudyOfStock.framework */,
			);
			name = Frameworks;
			sourceTree = "<group>";
		};
/* End PBXGroup section */

/* Begin PBXNativeTarget section */
		0EF25B1C28D880370098B038 /* StudyOfStock */ = {
			isa = PBXNativeTarget;
			buildConfigurationList = 0EF25B3128D880380098B038 /* Build configuration list for PBXNativeTarget "StudyOfStock" */;
			buildPhases = (
				B1415DEDF8877F6BC6E3540E /* [CP] Check Pods Manifest.lock */,
				0EF25B1928D880370098B038 /* Sources */,
				0EF25B1A28D880370098B038 /* Frameworks */,
				0EF25B1B28D880370098B038 /* Resources */,
				71A4FE81DE309FD8E77BF4CB /* [CP] Embed Pods Frameworks */,
			);
			buildRules = (
			);
			dependencies = (
			);
			name = StudyOfStock;
			productName = StudyOfStock;
			productReference = 0EF25B1D28D880370098B038 /* StudyOfStock.app */;
			productType = "com.apple.product-type.application";
		};
/* End PBXNativeTarget section */

/* Begin PBXProject section */
		0EF25B1528D880370098B038 /* Project object */ = {
			isa = PBXProject;
			attributes = {
				BuildIndependentTargetsInParallel = 1;
				LastSwiftUpdateCheck = 1400;
				LastUpgradeCheck = 1400;
				TargetAttributes = {
					0EF25B1C28D880370098B038 = {
						CreatedOnToolsVersion = 14.0;
					};
				};
			};
			buildConfigurationList = 0EF25B1828D880370098B038 /* Build configuration list for PBXProject "StudyOfStock" */;
			compatibilityVersion = "Xcode 14.0";
			developmentRegion = en;
			hasScannedForEncodings = 0;
			knownRegions = (
				en,
				Base,
			);
			mainGroup = 0EF25B1428D880370098B038;
			productRefGroup = 0EF25B1E28D880370098B038 /* Products */;
			projectDirPath = "";
			projectRoot = "";
			targets = (
				0EF25B1C28D880370098B038 /* StudyOfStock */,
			);
		};
/* End PBXProject section */

/* Begin PBXResourcesBuildPhase section */
		0EF25B1B28D880370098B038 /* Resources */ = {
			isa = PBXResourcesBuildPhase;
			buildActionMask = 2147483647;
			files = (
				0EB3AA2128DC7E09006249D3 /* Roboto-Regular.ttf in Resources */,
				0EB3AA1F28DC7E09006249D3 /* NanumGothicBold.otf in Resources */,
				0EB3AA1E28DC7E09006249D3 /* NanumGothic.otf in Resources */,
				0EB3AA2028DC7E09006249D3 /* Roboto-Black.ttf in Resources */,
				0EF25B2D28D880380098B038 /* LaunchScreen.storyboard in Resources */,
				0EF25B2A28D880380098B038 /* Assets.xcassets in Resources */,
			);
			runOnlyForDeploymentPostprocessing = 0;
		};
/* End PBXResourcesBuildPhase section */

/* Begin PBXShellScriptBuildPhase section */
		71A4FE81DE309FD8E77BF4CB /* [CP] Embed Pods Frameworks */ = {
			isa = PBXShellScriptBuildPhase;
			buildActionMask = 2147483647;
			files = (
			);
			inputFileListPaths = (
				"${PODS_ROOT}/Target Support Files/Pods-StudyOfStock/Pods-StudyOfStock-frameworks-${CONFIGURATION}-input-files.xcfilelist",
			);
			name = "[CP] Embed Pods Frameworks";
			outputFileListPaths = (
				"${PODS_ROOT}/Target Support Files/Pods-StudyOfStock/Pods-StudyOfStock-frameworks-${CONFIGURATION}-output-files.xcfilelist",
			);
			runOnlyForDeploymentPostprocessing = 0;
			shellPath = /bin/sh;
			shellScript = "\"${PODS_ROOT}/Target Support Files/Pods-StudyOfStock/Pods-StudyOfStock-frameworks.sh\"\n";
			showEnvVarsInLog = 0;
		};
		B1415DEDF8877F6BC6E3540E /* [CP] Check Pods Manifest.lock */ = {
			isa = PBXShellScriptBuildPhase;
			buildActionMask = 2147483647;
			files = (
			);
			inputFileListPaths = (
			);
			inputPaths = (
				"${PODS_PODFILE_DIR_PATH}/Podfile.lock",
				"${PODS_ROOT}/Manifest.lock",
			);
			name = "[CP] Check Pods Manifest.lock";
			outputFileListPaths = (
			);
			outputPaths = (
				"$(DERIVED_FILE_DIR)/Pods-StudyOfStock-checkManifestLockResult.txt",
			);
			runOnlyForDeploymentPostprocessing = 0;
			shellPath = /bin/sh;
			shellScript = "diff \"${PODS_PODFILE_DIR_PATH}/Podfile.lock\" \"${PODS_ROOT}/Manifest.lock\" > /dev/null\nif [ $? != 0 ] ; then\n    # print error to STDERR\n    echo \"error: The sandbox is not in sync with the Podfile.lock. Run 'pod install' or update your CocoaPods installation.\" >&2\n    exit 1\nfi\n# This output is used by Xcode 'outputs' to avoid re-running this script phase.\necho \"SUCCESS\" > \"${SCRIPT_OUTPUT_FILE_0}\"\n";
			showEnvVarsInLog = 0;
		};
/* End PBXShellScriptBuildPhase section */

/* Begin PBXSourcesBuildPhase section */
		0EF25B1928D880370098B038 /* Sources */ = {
			isa = PBXSourcesBuildPhase;
			buildActionMask = 2147483647;
			files = (
				0EF25B2528D880370098B038 /* StartVC.swift in Sources */,
				0EF25B2128D880370098B038 /* AppDelegate.swift in Sources */,
				0EECB81828DB28B000BFB1D4 /* LoginVC.swift in Sources */,
				0EB3AA2328DCA7A1006249D3 /* FontVC.swift in Sources */,
				0EF25B2328D880370098B038 /* SceneDelegate.swift in Sources */,
			);
			runOnlyForDeploymentPostprocessing = 0;
		};
/* End PBXSourcesBuildPhase section */

/* Begin PBXVariantGroup section */
		0EF25B2B28D880380098B038 /* LaunchScreen.storyboard */ = {
			isa = PBXVariantGroup;
			children = (
				0EF25B2C28D880380098B038 /* Base */,
			);
			name = LaunchScreen.storyboard;
			sourceTree = "<group>";
		};
/* End PBXVariantGroup section */

/* Begin XCBuildConfiguration section */
		0EF25B2F28D880380098B038 /* Debug */ = {
			isa = XCBuildConfiguration;
			buildSettings = {
				ALWAYS_SEARCH_USER_PATHS = NO;
				CLANG_ANALYZER_NONNULL = YES;
				CLANG_ANALYZER_NUMBER_OBJECT_CONVERSION = YES_AGGRESSIVE;
				CLANG_CXX_LANGUAGE_STANDARD = "gnu++20";
				CLANG_ENABLE_MODULES = YES;
				CLANG_ENABLE_OBJC_ARC = YES;
				CLANG_ENABLE_OBJC_WEAK = YES;
				CLANG_WARN_BLOCK_CAPTURE_AUTORELEASING = YES;
				CLANG_WARN_BOOL_CONVERSION = YES;
				CLANG_WARN_COMMA = YES;
				CLANG_WARN_CONSTANT_CONVERSION = YES;
				CLANG_WARN_DEPRECATED_OBJC_IMPLEMENTATIONS = YES;
				CLANG_WARN_DIRECT_OBJC_ISA_USAGE = YES_ERROR;
				CLANG_WARN_DOCUMENTATION_COMMENTS = YES;
				CLANG_WARN_EMPTY_BODY = YES;
				CLANG_WARN_ENUM_CONVERSION = YES;
				CLANG_WARN_INFINITE_RECURSION = YES;
				CLANG_WARN_INT_CONVERSION = YES;
				CLANG_WARN_NON_LITERAL_NULL_CONVERSION = YES;
				CLANG_WARN_OBJC_IMPLICIT_RETAIN_SELF = YES;
				CLANG_WARN_OBJC_LITERAL_CONVERSION = YES;
				CLANG_WARN_OBJC_ROOT_CLASS = YES_ERROR;
				CLANG_WARN_QUOTED_INCLUDE_IN_FRAMEWORK_HEADER = YES;
				CLANG_WARN_RANGE_LOOP_ANALYSIS = YES;
				CLANG_WARN_STRICT_PROTOTYPES = YES;
				CLANG_WARN_SUSPICIOUS_MOVE = YES;
				CLANG_WARN_UNGUARDED_AVAILABILITY = YES_AGGRESSIVE;
				CLANG_WARN_UNREACHABLE_CODE = YES;
				CLANG_WARN__DUPLICATE_METHOD_MATCH = YES;
				COPY_PHASE_STRIP = NO;
				DEBUG_INFORMATION_FORMAT = dwarf;
				ENABLE_STRICT_OBJC_MSGSEND = YES;
				ENABLE_TESTABILITY = YES;
				GCC_C_LANGUAGE_STANDARD = gnu11;
				GCC_DYNAMIC_NO_PIC = NO;
				GCC_NO_COMMON_BLOCKS = YES;
				GCC_OPTIMIZATION_LEVEL = 0;
				GCC_PREPROCESSOR_DEFINITIONS = (
					"DEBUG=1",
					"$(inherited)",
				);
				GCC_WARN_64_TO_32_BIT_CONVERSION = YES;
				GCC_WARN_ABOUT_RETURN_TYPE = YES_ERROR;
				GCC_WARN_UNDECLARED_SELECTOR = YES;
				GCC_WARN_UNINITIALIZED_AUTOS = YES_AGGRESSIVE;
				GCC_WARN_UNUSED_FUNCTION = YES;
				GCC_WARN_UNUSED_VARIABLE = YES;
				IPHONEOS_DEPLOYMENT_TARGET = 16.0;
				MTL_ENABLE_DEBUG_INFO = INCLUDE_SOURCE;
				MTL_FAST_MATH = YES;
				ONLY_ACTIVE_ARCH = YES;
				SDKROOT = iphoneos;
				SWIFT_ACTIVE_COMPILATION_CONDITIONS = DEBUG;
				SWIFT_OPTIMIZATION_LEVEL = "-Onone";
			};
			name = Debug;
		};
		0EF25B3028D880380098B038 /* Release */ = {
			isa = XCBuildConfiguration;
			buildSettings = {
				ALWAYS_SEARCH_USER_PATHS = NO;
				CLANG_ANALYZER_NONNULL = YES;
				CLANG_ANALYZER_NUMBER_OBJECT_CONVERSION = YES_AGGRESSIVE;
				CLANG_CXX_LANGUAGE_STANDARD = "gnu++20";
				CLANG_ENABLE_MODULES = YES;
				CLANG_ENABLE_OBJC_ARC = YES;
				CLANG_ENABLE_OBJC_WEAK = YES;
				CLANG_WARN_BLOCK_CAPTURE_AUTORELEASING = YES;
				CLANG_WARN_BOOL_CONVERSION = YES;
				CLANG_WARN_COMMA = YES;
				CLANG_WARN_CONSTANT_CONVERSION = YES;
				CLANG_WARN_DEPRECATED_OBJC_IMPLEMENTATIONS = YES;
				CLANG_WARN_DIRECT_OBJC_ISA_USAGE = YES_ERROR;
				CLANG_WARN_DOCUMENTATION_COMMENTS = YES;
				CLANG_WARN_EMPTY_BODY = YES;
				CLANG_WARN_ENUM_CONVERSION = YES;
				CLANG_WARN_INFINITE_RECURSION = YES;
				CLANG_WARN_INT_CONVERSION = YES;
				CLANG_WARN_NON_LITERAL_NULL_CONVERSION = YES;
				CLANG_WARN_OBJC_IMPLICIT_RETAIN_SELF = YES;
				CLANG_WARN_OBJC_LITERAL_CONVERSION = YES;
				CLANG_WARN_OBJC_ROOT_CLASS = YES_ERROR;
				CLANG_WARN_QUOTED_INCLUDE_IN_FRAMEWORK_HEADER = YES;
				CLANG_WARN_RANGE_LOOP_ANALYSIS = YES;
				CLANG_WARN_STRICT_PROTOTYPES = YES;
				CLANG_WARN_SUSPICIOUS_MOVE = YES;
				CLANG_WARN_UNGUARDED_AVAILABILITY = YES_AGGRESSIVE;
				CLANG_WARN_UNREACHABLE_CODE = YES;
				CLANG_WARN__DUPLICATE_METHOD_MATCH = YES;
				COPY_PHASE_STRIP = NO;
				DEBUG_INFORMATION_FORMAT = "dwarf-with-dsym";
				ENABLE_NS_ASSERTIONS = NO;
				ENABLE_STRICT_OBJC_MSGSEND = YES;
				GCC_C_LANGUAGE_STANDARD = gnu11;
				GCC_NO_COMMON_BLOCKS = YES;
				GCC_WARN_64_TO_32_BIT_CONVERSION = YES;
				GCC_WARN_ABOUT_RETURN_TYPE = YES_ERROR;
				GCC_WARN_UNDECLARED_SELECTOR = YES;
				GCC_WARN_UNINITIALIZED_AUTOS = YES_AGGRESSIVE;
				GCC_WARN_UNUSED_FUNCTION = YES;
				GCC_WARN_UNUSED_VARIABLE = YES;
				IPHONEOS_DEPLOYMENT_TARGET = 16.0;
				MTL_ENABLE_DEBUG_INFO = NO;
				MTL_FAST_MATH = YES;
				SDKROOT = iphoneos;
				SWIFT_COMPILATION_MODE = wholemodule;
				SWIFT_OPTIMIZATION_LEVEL = "-O";
				VALIDATE_PRODUCT = YES;
			};
			name = Release;
		};
		0EF25B3228D880380098B038 /* Debug */ = {
			isa = XCBuildConfiguration;
			baseConfigurationReference = E2FD5BFDAA7327157F3BCD1B /* Pods-StudyOfStock.debug.xcconfig */;
			buildSettings = {
				ASSETCATALOG_COMPILER_APPICON_NAME = AppIcon;
				ASSETCATALOG_COMPILER_GLOBAL_ACCENT_COLOR_NAME = AccentColor;
				CODE_SIGN_STYLE = Automatic;
				CURRENT_PROJECT_VERSION = 1;
				GENERATE_INFOPLIST_FILE = YES;
				INFOPLIST_FILE = StudyOfStock/Info.plist;
				INFOPLIST_KEY_UIApplicationSupportsIndirectInputEvents = YES;
				INFOPLIST_KEY_UILaunchStoryboardName = LaunchScreen;
				INFOPLIST_KEY_UIMainStoryboardFile = "";
				INFOPLIST_KEY_UISupportedInterfaceOrientations_iPad = "UIInterfaceOrientationPortrait UIInterfaceOrientationPortraitUpsideDown UIInterfaceOrientationLandscapeLeft UIInterfaceOrientationLandscapeRight";
				INFOPLIST_KEY_UISupportedInterfaceOrientations_iPhone = "UIInterfaceOrientationPortrait UIInterfaceOrientationLandscapeLeft UIInterfaceOrientationLandscapeRight";
				LD_RUNPATH_SEARCH_PATHS = (
					"$(inherited)",
					"@executable_path/Frameworks",
				);
				MARKETING_VERSION = 1.0;
				PRODUCT_BUNDLE_IDENTIFIER = com.StudyOfStock;
				PRODUCT_NAME = "$(TARGET_NAME)";
				SWIFT_EMIT_LOC_STRINGS = YES;
				SWIFT_VERSION = 5.0;
				TARGETED_DEVICE_FAMILY = "1,2";
			};
			name = Debug;
		};
		0EF25B3328D880380098B038 /* Release */ = {
			isa = XCBuildConfiguration;
			baseConfigurationReference = C13C7120FF415A6A8EE5FCA1 /* Pods-StudyOfStock.release.xcconfig */;
			buildSettings = {
				ASSETCATALOG_COMPILER_APPICON_NAME = AppIcon;
				ASSETCATALOG_COMPILER_GLOBAL_ACCENT_COLOR_NAME = AccentColor;
				CODE_SIGN_STYLE = Automatic;
				CURRENT_PROJECT_VERSION = 1;
				GENERATE_INFOPLIST_FILE = YES;
				INFOPLIST_FILE = StudyOfStock/Info.plist;
				INFOPLIST_KEY_UIApplicationSupportsIndirectInputEvents = YES;
				INFOPLIST_KEY_UILaunchStoryboardName = LaunchScreen;
				INFOPLIST_KEY_UIMainStoryboardFile = "";
				INFOPLIST_KEY_UISupportedInterfaceOrientations_iPad = "UIInterfaceOrientationPortrait UIInterfaceOrientationPortraitUpsideDown UIInterfaceOrientationLandscapeLeft UIInterfaceOrientationLandscapeRight";
				INFOPLIST_KEY_UISupportedInterfaceOrientations_iPhone = "UIInterfaceOrientationPortrait UIInterfaceOrientationLandscapeLeft UIInterfaceOrientationLandscapeRight";
				LD_RUNPATH_SEARCH_PATHS = (
					"$(inherited)",
					"@executable_path/Frameworks",
				);
				MARKETING_VERSION = 1.0;
				PRODUCT_BUNDLE_IDENTIFIER = com.StudyOfStock;
				PRODUCT_NAME = "$(TARGET_NAME)";
				SWIFT_EMIT_LOC_STRINGS = YES;
				SWIFT_VERSION = 5.0;
				TARGETED_DEVICE_FAMILY = "1,2";
			};
			name = Release;
		};
/* End XCBuildConfiguration section */

/* Begin XCConfigurationList section */
		0EF25B1828D880370098B038 /* Build configuration list for PBXProject "StudyOfStock" */ = {
			isa = XCConfigurationList;
			buildConfigurations = (
				0EF25B2F28D880380098B038 /* Debug */,
				0EF25B3028D880380098B038 /* Release */,
			);
			defaultConfigurationIsVisible = 0;
			defaultConfigurationName = Release;
		};
		0EF25B3128D880380098B038 /* Build configuration list for PBXNativeTarget "StudyOfStock" */ = {
			isa = XCConfigurationList;
			buildConfigurations = (
				0EF25B3228D880380098B038 /* Debug */,
				0EF25B3328D880380098B038 /* Release */,
			);
			defaultConfigurationIsVisible = 0;
			defaultConfigurationName = Release;
		};
/* End XCConfigurationList section */
	};
	rootObject = 0EF25B1528D880370098B038 /* Project object */;
}
