PODS:
  - Alamofire (5.6.1)
  - Charts (4.0.3):
    - Charts/Core (= 4.0.3)
  - Charts/Core (4.0.3):
    - SwiftAlgorithms (~> 1.0)
  - Kingfisher (5.15.8):
    - Kingfisher/Core (= 5.15.8)
  - Kingfisher/Core (5.15.8)
  - LSHContributionView (1.0.0)
  - Moya/Core (15.0.0):
    - Alamofire (~> 5.0)
  - Moya/RxSwift (15.0.0):
    - Moya/Core
    - RxSwift (~> 6.0)
  - PContributionsView (0.1.0)
  - RxCocoa (6.5.0):
    - RxRelay (= 6.5.0)
    - RxSwift (= 6.5.0)
  - RxKeyboard (2.0.0):
    - RxCocoa (~> 6.0)
    - RxSwift (~> 6.0)
  - RxRelay (6.5.0):
    - RxSwift (= 6.5.0)
  - RxSwift (6.5.0)
  - SnapKit (5.6.0)
  - SwiftAlgorithms (1.0.0)
  - Then (3.0.0)

DEPENDENCIES:
  - Alamofire
  - Charts
  - Kingfisher (~> 5.0)
  - LSHContributionView
  - Moya/RxSwift (~> 15.0)
  - PContributionsView
  - RxCocoa (= 6.5.0)
  - RxKeyboard
  - RxSwift (= 6.5.0)
  - SnapKit (~> 5.6.0)
  - Then

SPEC REPOS:
  trunk:
    - Alamofire
    - Charts
    - Kingfisher
    - LSHContributionView
    - Moya
    - PContributionsView
    - RxCocoa
    - RxKeyboard
    - RxRelay
    - RxSwift
    - SnapKit
    - SwiftAlgorithms
    - Then

SPEC CHECKSUMS:
  Alamofire: 87bd8c952f9a4454320fce00d9cc3de57bcadaf5
  Charts: d959d6723c8eedfdd0735dfc28cb0a71762ac4d9
  Kingfisher: a3c03d702433fa6cfedabb2bddbe076fb8f2e902
  LSHContributionView: 8b523e7e8c54159d1ba984fad99970ea3cb0f140
  Moya: 138f0573e53411fb3dc17016add0b748dfbd78ee
  PContributionsView: a2ca39d28763d85307c4722ab818c9e742e623e8
  RxCocoa: 94f817b71c07517321eb4f9ad299112ca8af743b
  RxKeyboard: 4f5863f43b4ff0cbb2a20b94688d6b80c8a43c14
  RxRelay: 1de1523e604c72b6c68feadedd1af3b1b4d0ecbd
  RxSwift: 5710a9e6b17f3c3d6e40d6e559b9fa1e813b2ef8
  SnapKit: e01d52ebb8ddbc333eefe2132acf85c8227d9c25
  SwiftAlgorithms: 38dda4731d19027fdeee1125f973111bf3386b53
  Then: 844265ae87834bbe1147d91d5d41a404da2ec27d

PODFILE CHECKSUM: 919dd7e2d90f93dd51e69157f4144be498607a1c

COCOAPODS: 1.11.3
