// !$*UTF8*$!
{
	archiveVersion = 1;
	classes = {
	};
	objectVersion = 56;
	objects = {

/* Begin PBXBuildFile section */
		0E0F94D928FD5D590004951F /* MyAPI+Method.swift in Sources */ = {isa = PBXBuildFile; fileRef = 0E0F94D128FD5D590004951F /* MyAPI+Method.swift */; };
		0E0F94DA28FD5D590004951F /* ModelType.swift in Sources */ = {isa = PBXBuildFile; fileRef = 0E0F94D228FD5D590004951F /* ModelType.swift */; };
		0E0F94DB28FD5D590004951F /* MyAPI.swift in Sources */ = {isa = PBXBuildFile; fileRef = 0E0F94D328FD5D590004951F /* MyAPI.swift */; };
		0E0F94DC28FD5D590004951F /* Moya+NetworkError.swift in Sources */ = {isa = PBXBuildFile; fileRef = 0E0F94D428FD5D590004951F /* Moya+NetworkError.swift */; };
		0E0F94DD28FD5D590004951F /* MyAPI+Path.swift in Sources */ = {isa = PBXBuildFile; fileRef = 0E0F94D528FD5D590004951F /* MyAPI+Path.swift */; };
		0E0F94DE28FD5D590004951F /* MyAPI+Request.swift in Sources */ = {isa = PBXBuildFile; fileRef = 0E0F94D628FD5D590004951F /* MyAPI+Request.swift */; };
		0E0F94DF28FD5D590004951F /* MyAPI+Task.swift in Sources */ = {isa = PBXBuildFile; fileRef = 0E0F94D728FD5D590004951F /* MyAPI+Task.swift */; };
		0E0F94E028FD5D590004951F /* MyAPI+BaseURL.swift in Sources */ = {isa = PBXBuildFile; fileRef = 0E0F94D828FD5D590004951F /* MyAPI+BaseURL.swift */; };
		0E0F94E328FD5DFF0004951F /* RequestModel.swift in Sources */ = {isa = PBXBuildFile; fileRef = 0E0F94E228FD5DFF0004951F /* RequestModel.swift */; };
		0E0F94E628FD5FC50004951F /* SignupVC.swift in Sources */ = {isa = PBXBuildFile; fileRef = 0E0F94E528FD5FC50004951F /* SignupVC.swift */; };
		0E9BC15A28FEB7B700B8DB56 /* StartViewController.swift in Sources */ = {isa = PBXBuildFile; fileRef = 0E9BC15928FEB7B700B8DB56 /* StartViewController.swift */; };
		0E9BC16228FEC46100B8DB56 /* MainLoginVC.swift in Sources */ = {isa = PBXBuildFile; fileRef = 0E9BC16128FEC46100B8DB56 /* MainLoginVC.swift */; };
		0E9BC16428FEC49B00B8DB56 /* MainSignupVC.swift in Sources */ = {isa = PBXBuildFile; fileRef = 0E9BC16328FEC49B00B8DB56 /* MainSignupVC.swift */; };
		0E9BC16628FEC55700B8DB56 /* SignupBackGroundVC.swift in Sources */ = {isa = PBXBuildFile; fileRef = 0E9BC16528FEC55700B8DB56 /* SignupBackGroundVC.swift */; };
		0EE4352428F4476F00CA7E58 /* AppDelegate.swift in Sources */ = {isa = PBXBuildFile; fileRef = 0EE4352328F4476F00CA7E58 /* AppDelegate.swift */; };
		0EE4352628F4476F00CA7E58 /* SceneDelegate.swift in Sources */ = {isa = PBXBuildFile; fileRef = 0EE4352528F4476F00CA7E58 /* SceneDelegate.swift */; };
		0EE4352D28F4477000CA7E58 /* Assets.xcassets in Resources */ = {isa = PBXBuildFile; fileRef = 0EE4352C28F4477000CA7E58 /* Assets.xcassets */; };
		0EE4353028F4477000CA7E58 /* LaunchScreen.storyboard in Resources */ = {isa = PBXBuildFile; fileRef = 0EE4352E28F4477000CA7E58 /* LaunchScreen.storyboard */; };
		C4E4DF7EB91D0CFBD09D454F /* Pods_RGB.framework in Frameworks */ = {isa = PBXBuildFile; fileRef = 5927F0380868D63D3ADDAAA4 /* Pods_RGB.framework */; };
/* End PBXBuildFile section */

/* Begin PBXFileReference section */
		0E0F94D128FD5D590004951F /* MyAPI+Method.swift */ = {isa = PBXFileReference; fileEncoding = 4; lastKnownFileType = sourcecode.swift; path = "MyAPI+Method.swift"; sourceTree = "<group>"; };
		0E0F94D228FD5D590004951F /* ModelType.swift */ = {isa = PBXFileReference; fileEncoding = 4; lastKnownFileType = sourcecode.swift; path = ModelType.swift; sourceTree = "<group>"; };
		0E0F94D328FD5D590004951F /* MyAPI.swift */ = {isa = PBXFileReference; fileEncoding = 4; lastKnownFileType = sourcecode.swift; path = MyAPI.swift; sourceTree = "<group>"; };
		0E0F94D428FD5D590004951F /* Moya+NetworkError.swift */ = {isa = PBXFileReference; fileEncoding = 4; lastKnownFileType = sourcecode.swift; path = "Moya+NetworkError.swift"; sourceTree = "<group>"; };
		0E0F94D528FD5D590004951F /* MyAPI+Path.swift */ = {isa = PBXFileReference; fileEncoding = 4; lastKnownFileType = sourcecode.swift; path = "MyAPI+Path.swift"; sourceTree = "<group>"; };
		0E0F94D628FD5D590004951F /* MyAPI+Request.swift */ = {isa = PBXFileReference; fileEncoding = 4; lastKnownFileType = sourcecode.swift; path = "MyAPI+Request.swift"; sourceTree = "<group>"; };
		0E0F94D728FD5D590004951F /* MyAPI+Task.swift */ = {isa = PBXFileReference; fileEncoding = 4; lastKnownFileType = sourcecode.swift; path = "MyAPI+Task.swift"; sourceTree = "<group>"; };
		0E0F94D828FD5D590004951F /* MyAPI+BaseURL.swift */ = {isa = PBXFileReference; fileEncoding = 4; lastKnownFileType = sourcecode.swift; path = "MyAPI+BaseURL.swift"; sourceTree = "<group>"; };
		0E0F94E228FD5DFF0004951F /* RequestModel.swift */ = {isa = PBXFileReference; lastKnownFileType = sourcecode.swift; path = RequestModel.swift; sourceTree = "<group>"; };
		0E0F94E528FD5FC50004951F /* SignupVC.swift */ = {isa = PBXFileReference; lastKnownFileType = sourcecode.swift; path = SignupVC.swift; sourceTree = "<group>"; };
		0E9BC15928FEB7B700B8DB56 /* StartViewController.swift */ = {isa = PBXFileReference; lastKnownFileType = sourcecode.swift; path = StartViewController.swift; sourceTree = "<group>"; };
		0E9BC16128FEC46100B8DB56 /* MainLoginVC.swift */ = {isa = PBXFileReference; lastKnownFileType = sourcecode.swift; path = MainLoginVC.swift; sourceTree = "<group>"; };
		0E9BC16328FEC49B00B8DB56 /* MainSignupVC.swift */ = {isa = PBXFileReference; lastKnownFileType = sourcecode.swift; path = MainSignupVC.swift; sourceTree = "<group>"; };
		0E9BC16528FEC55700B8DB56 /* SignupBackGroundVC.swift */ = {isa = PBXFileReference; lastKnownFileType = sourcecode.swift; path = SignupBackGroundVC.swift; sourceTree = "<group>"; };
		0EE4352028F4476F00CA7E58 /* RGB.app */ = {isa = PBXFileReference; explicitFileType = wrapper.application; includeInIndex = 0; path = RGB.app; sourceTree = BUILT_PRODUCTS_DIR; };
		0EE4352328F4476F00CA7E58 /* AppDelegate.swift */ = {isa = PBXFileReference; lastKnownFileType = sourcecode.swift; path = AppDelegate.swift; sourceTree = "<group>"; };
		0EE4352528F4476F00CA7E58 /* SceneDelegate.swift */ = {isa = PBXFileReference; lastKnownFileType = sourcecode.swift; path = SceneDelegate.swift; sourceTree = "<group>"; };
		0EE4352C28F4477000CA7E58 /* Assets.xcassets */ = {isa = PBXFileReference; lastKnownFileType = folder.assetcatalog; path = Assets.xcassets; sourceTree = "<group>"; };
		0EE4352F28F4477000CA7E58 /* Base */ = {isa = PBXFileReference; lastKnownFileType = file.storyboard; name = Base; path = Base.lproj/LaunchScreen.storyboard; sourceTree = "<group>"; };
		0EE4353128F4477000CA7E58 /* Info.plist */ = {isa = PBXFileReference; lastKnownFileType = text.plist.xml; path = Info.plist; sourceTree = "<group>"; };
		5927F0380868D63D3ADDAAA4 /* Pods_RGB.framework */ = {isa = PBXFileReference; explicitFileType = wrapper.framework; includeInIndex = 0; path = Pods_RGB.framework; sourceTree = BUILT_PRODUCTS_DIR; };
		6F19F388A3CBD1A2BBFF1839 /* Pods-RGB.release.xcconfig */ = {isa = PBXFileReference; includeInIndex = 1; lastKnownFileType = text.xcconfig; name = "Pods-RGB.release.xcconfig"; path = "Target Support Files/Pods-RGB/Pods-RGB.release.xcconfig"; sourceTree = "<group>"; };
		BDF07B590D822EC472F2703B /* Pods-RGB.debug.xcconfig */ = {isa = PBXFileReference; includeInIndex = 1; lastKnownFileType = text.xcconfig; name = "Pods-RGB.debug.xcconfig"; path = "Target Support Files/Pods-RGB/Pods-RGB.debug.xcconfig"; sourceTree = "<group>"; };
/* End PBXFileReference section */

/* Begin PBXFrameworksBuildPhase section */
		0EE4351D28F4476F00CA7E58 /* Frameworks */ = {
			isa = PBXFrameworksBuildPhase;
			buildActionMask = 2147483647;
			files = (
				C4E4DF7EB91D0CFBD09D454F /* Pods_RGB.framework in Frameworks */,
			);
			runOnlyForDeploymentPostprocessing = 0;
		};
/* End PBXFrameworksBuildPhase section */

/* Begin PBXGroup section */
		0E0F94E128FD5D640004951F /* Networking */ = {
			isa = PBXGroup;
			children = (
				0E0F94D228FD5D590004951F /* ModelType.swift */,
				0E0F94D428FD5D590004951F /* Moya+NetworkError.swift */,
				0E0F94D328FD5D590004951F /* MyAPI.swift */,
				0E0F94D828FD5D590004951F /* MyAPI+BaseURL.swift */,
				0E0F94D128FD5D590004951F /* MyAPI+Method.swift */,
				0E0F94D528FD5D590004951F /* MyAPI+Path.swift */,
				0E0F94D628FD5D590004951F /* MyAPI+Request.swift */,
				0E0F94D728FD5D590004951F /* MyAPI+Task.swift */,
			);
			path = Networking;
			sourceTree = "<group>";
		};
		0E0F94E428FD5E080004951F /* Model */ = {
			isa = PBXGroup;
			children = (
				0E0F94E228FD5DFF0004951F /* RequestModel.swift */,
			);
			path = Model;
			sourceTree = "<group>";
		};
		0EE4351728F4476F00CA7E58 = {
			isa = PBXGroup;
			children = (
				0EE4352228F4476F00CA7E58 /* RGB */,
				0EE4352128F4476F00CA7E58 /* Products */,
				744F24B3DEB2EB9E1BE728E2 /* Pods */,
				4506CC6BBE48D7F98F9FC21C /* Frameworks */,
			);
			sourceTree = "<group>";
		};
		0EE4352128F4476F00CA7E58 /* Products */ = {
			isa = PBXGroup;
			children = (
				0EE4352028F4476F00CA7E58 /* RGB.app */,
			);
			name = Products;
			sourceTree = "<group>";
		};
		0EE4352228F4476F00CA7E58 /* RGB */ = {
			isa = PBXGroup;
			children = (
				0EE4352328F4476F00CA7E58 /* AppDelegate.swift */,
				0EE4352528F4476F00CA7E58 /* SceneDelegate.swift */,
				0E0F94E528FD5FC50004951F /* SignupVC.swift */,
				0E9BC15928FEB7B700B8DB56 /* StartViewController.swift */,
				0E9BC16128FEC46100B8DB56 /* MainLoginVC.swift */,
				0E9BC16328FEC49B00B8DB56 /* MainSignupVC.swift */,
				0E9BC16528FEC55700B8DB56 /* SignupBackGroundVC.swift */,
				0E0F94E428FD5E080004951F /* Model */,
				0E0F94E128FD5D640004951F /* Networking */,
				0EE4352C28F4477000CA7E58 /* Assets.xcassets */,
				0EE4352E28F4477000CA7E58 /* LaunchScreen.storyboard */,
				0EE4353128F4477000CA7E58 /* Info.plist */,
			);
			path = RGB;
			sourceTree = "<group>";
		};
		4506CC6BBE48D7F98F9FC21C /* Frameworks */ = {
			isa = PBXGroup;
			children = (
				5927F0380868D63D3ADDAAA4 /* Pods_RGB.framework */,
			);
			name = Frameworks;
			sourceTree = "<group>";
		};
		744F24B3DEB2EB9E1BE728E2 /* Pods */ = {
			isa = PBXGroup;
			children = (
				BDF07B590D822EC472F2703B /* Pods-RGB.debug.xcconfig */,
				6F19F388A3CBD1A2BBFF1839 /* Pods-RGB.release.xcconfig */,
			);
			path = Pods;
			sourceTree = "<group>";
		};
/* End PBXGroup section */

/* Begin PBXNativeTarget section */
		0EE4351F28F4476F00CA7E58 /* RGB */ = {
			isa = PBXNativeTarget;
			buildConfigurationList = 0EE4353428F4477000CA7E58 /* Build configuration list for PBXNativeTarget "RGB" */;
			buildPhases = (
				3488FECD300B8946E0923024 /* [CP] Check Pods Manifest.lock */,
				0EE4351C28F4476F00CA7E58 /* Sources */,
				0EE4351D28F4476F00CA7E58 /* Frameworks */,
				0EE4351E28F4476F00CA7E58 /* Resources */,
				8D789F7C7671F08DBC550789 /* [CP] Embed Pods Frameworks */,
			);
			buildRules = (
			);
			dependencies = (
			);
			name = RGB;
			productName = RGB;
			productReference = 0EE4352028F4476F00CA7E58 /* RGB.app */;
			productType = "com.apple.product-type.application";
		};
/* End PBXNativeTarget section */

/* Begin PBXProject section */
		0EE4351828F4476F00CA7E58 /* Project object */ = {
			isa = PBXProject;
			attributes = {
				BuildIndependentTargetsInParallel = 1;
				LastSwiftUpdateCheck = 1400;
				LastUpgradeCheck = 1400;
				TargetAttributes = {
					0EE4351F28F4476F00CA7E58 = {
						CreatedOnToolsVersion = 14.0.1;
					};
				};
			};
			buildConfigurationList = 0EE4351B28F4476F00CA7E58 /* Build configuration list for PBXProject "RGB" */;
			compatibilityVersion = "Xcode 14.0";
			developmentRegion = en;
			hasScannedForEncodings = 0;
			knownRegions = (
				en,
				Base,
			);
			mainGroup = 0EE4351728F4476F00CA7E58;
			productRefGroup = 0EE4352128F4476F00CA7E58 /* Products */;
			projectDirPath = "";
			projectRoot = "";
			targets = (
				0EE4351F28F4476F00CA7E58 /* RGB */,
			);
		};
/* End PBXProject section */

/* Begin PBXResourcesBuildPhase section */
		0EE4351E28F4476F00CA7E58 /* Resources */ = {
			isa = PBXResourcesBuildPhase;
			buildActionMask = 2147483647;
			files = (
				0EE4353028F4477000CA7E58 /* LaunchScreen.storyboard in Resources */,
				0EE4352D28F4477000CA7E58 /* Assets.xcassets in Resources */,
			);
			runOnlyForDeploymentPostprocessing = 0;
		};
/* End PBXResourcesBuildPhase section */

/* Begin PBXShellScriptBuildPhase section */
		3488FECD300B8946E0923024 /* [CP] Check Pods Manifest.lock */ = {
			isa = PBXShellScriptBuildPhase;
			buildActionMask = 2147483647;
			files = (
			);
			inputFileListPaths = (
			);
			inputPaths = (
				"${PODS_PODFILE_DIR_PATH}/Podfile.lock",
				"${PODS_ROOT}/Manifest.lock",
			);
			name = "[CP] Check Pods Manifest.lock";
			outputFileListPaths = (
			);
			outputPaths = (
				"$(DERIVED_FILE_DIR)/Pods-RGB-checkManifestLockResult.txt",
			);
			runOnlyForDeploymentPostprocessing = 0;
			shellPath = /bin/sh;
			shellScript = "diff \"${PODS_PODFILE_DIR_PATH}/Podfile.lock\" \"${PODS_ROOT}/Manifest.lock\" > /dev/null\nif [ $? != 0 ] ; then\n    # print error to STDERR\n    echo \"error: The sandbox is not in sync with the Podfile.lock. Run 'pod install' or update your CocoaPods installation.\" >&2\n    exit 1\nfi\n# This output is used by Xcode 'outputs' to avoid re-running this script phase.\necho \"SUCCESS\" > \"${SCRIPT_OUTPUT_FILE_0}\"\n";
			showEnvVarsInLog = 0;
		};
		8D789F7C7671F08DBC550789 /* [CP] Embed Pods Frameworks */ = {
			isa = PBXShellScriptBuildPhase;
			buildActionMask = 2147483647;
			files = (
			);
			inputFileListPaths = (
				"${PODS_ROOT}/Target Support Files/Pods-RGB/Pods-RGB-frameworks-${CONFIGURATION}-input-files.xcfilelist",
			);
			name = "[CP] Embed Pods Frameworks";
			outputFileListPaths = (
				"${PODS_ROOT}/Target Support Files/Pods-RGB/Pods-RGB-frameworks-${CONFIGURATION}-output-files.xcfilelist",
			);
			runOnlyForDeploymentPostprocessing = 0;
			shellPath = /bin/sh;
			shellScript = "\"${PODS_ROOT}/Target Support Files/Pods-RGB/Pods-RGB-frameworks.sh\"\n";
			showEnvVarsInLog = 0;
		};
/* End PBXShellScriptBuildPhase section */

/* Begin PBXSourcesBuildPhase section */
		0EE4351C28F4476F00CA7E58 /* Sources */ = {
			isa = PBXSourcesBuildPhase;
			buildActionMask = 2147483647;
			files = (
				0E0F94DA28FD5D590004951F /* ModelType.swift in Sources */,
				0E0F94DB28FD5D590004951F /* MyAPI.swift in Sources */,
				0E9BC16628FEC55700B8DB56 /* SignupBackGroundVC.swift in Sources */,
				0E0F94DD28FD5D590004951F /* MyAPI+Path.swift in Sources */,
				0E0F94D928FD5D590004951F /* MyAPI+Method.swift in Sources */,
				0E0F94DC28FD5D590004951F /* Moya+NetworkError.swift in Sources */,
				0E9BC16428FEC49B00B8DB56 /* MainSignupVC.swift in Sources */,
				0E0F94E628FD5FC50004951F /* SignupVC.swift in Sources */,
				0E0F94DE28FD5D590004951F /* MyAPI+Request.swift in Sources */,
				0E0F94DF28FD5D590004951F /* MyAPI+Task.swift in Sources */,
				0E9BC15A28FEB7B700B8DB56 /* StartViewController.swift in Sources */,
				0E9BC16228FEC46100B8DB56 /* MainLoginVC.swift in Sources */,
				0EE4352428F4476F00CA7E58 /* AppDelegate.swift in Sources */,
				0E0F94E028FD5D590004951F /* MyAPI+BaseURL.swift in Sources */,
				0EE4352628F4476F00CA7E58 /* SceneDelegate.swift in Sources */,
				0E0F94E328FD5DFF0004951F /* RequestModel.swift in Sources */,
			);
			runOnlyForDeploymentPostprocessing = 0;
		};
/* End PBXSourcesBuildPhase section */

/* Begin PBXVariantGroup section */
		0EE4352E28F4477000CA7E58 /* LaunchScreen.storyboard */ = {
			isa = PBXVariantGroup;
			children = (
				0EE4352F28F4477000CA7E58 /* Base */,
			);
			name = LaunchScreen.storyboard;
			sourceTree = "<group>";
		};
/* End PBXVariantGroup section */

/* Begin XCBuildConfiguration section */
		0EE4353228F4477000CA7E58 /* Debug */ = {
			isa = XCBuildConfiguration;
			buildSettings = {
				ALWAYS_SEARCH_USER_PATHS = NO;
				CLANG_ANALYZER_NONNULL = YES;
				CLANG_ANALYZER_NUMBER_OBJECT_CONVERSION = YES_AGGRESSIVE;
				CLANG_CXX_LANGUAGE_STANDARD = "gnu++20";
				CLANG_ENABLE_MODULES = YES;
				CLANG_ENABLE_OBJC_ARC = YES;
				CLANG_ENABLE_OBJC_WEAK = YES;
				CLANG_WARN_BLOCK_CAPTURE_AUTORELEASING = YES;
				CLANG_WARN_BOOL_CONVERSION = YES;
				CLANG_WARN_COMMA = YES;
				CLANG_WARN_CONSTANT_CONVERSION = YES;
				CLANG_WARN_DEPRECATED_OBJC_IMPLEMENTATIONS = YES;
				CLANG_WARN_DIRECT_OBJC_ISA_USAGE = YES_ERROR;
				CLANG_WARN_DOCUMENTATION_COMMENTS = YES;
				CLANG_WARN_EMPTY_BODY = YES;
				CLANG_WARN_ENUM_CONVERSION = YES;
				CLANG_WARN_INFINITE_RECURSION = YES;
				CLANG_WARN_INT_CONVERSION = YES;
				CLANG_WARN_NON_LITERAL_NULL_CONVERSION = YES;
				CLANG_WARN_OBJC_IMPLICIT_RETAIN_SELF = YES;
				CLANG_WARN_OBJC_LITERAL_CONVERSION = YES;
				CLANG_WARN_OBJC_ROOT_CLASS = YES_ERROR;
				CLANG_WARN_QUOTED_INCLUDE_IN_FRAMEWORK_HEADER = YES;
				CLANG_WARN_RANGE_LOOP_ANALYSIS = YES;
				CLANG_WARN_STRICT_PROTOTYPES = YES;
				CLANG_WARN_SUSPICIOUS_MOVE = YES;
				CLANG_WARN_UNGUARDED_AVAILABILITY = YES_AGGRESSIVE;
				CLANG_WARN_UNREACHABLE_CODE = YES;
				CLANG_WARN__DUPLICATE_METHOD_MATCH = YES;
				COPY_PHASE_STRIP = NO;
				DEBUG_INFORMATION_FORMAT = dwarf;
				ENABLE_STRICT_OBJC_MSGSEND = YES;
				ENABLE_TESTABILITY = YES;
				GCC_C_LANGUAGE_STANDARD = gnu11;
				GCC_DYNAMIC_NO_PIC = NO;
				GCC_NO_COMMON_BLOCKS = YES;
				GCC_OPTIMIZATION_LEVEL = 0;
				GCC_PREPROCESSOR_DEFINITIONS = (
					"DEBUG=1",
					"$(inherited)",
				);
				GCC_WARN_64_TO_32_BIT_CONVERSION = YES;
				GCC_WARN_ABOUT_RETURN_TYPE = YES_ERROR;
				GCC_WARN_UNDECLARED_SELECTOR = YES;
				GCC_WARN_UNINITIALIZED_AUTOS = YES_AGGRESSIVE;
				GCC_WARN_UNUSED_FUNCTION = YES;
				GCC_WARN_UNUSED_VARIABLE = YES;
				IPHONEOS_DEPLOYMENT_TARGET = 16.0;
				MTL_ENABLE_DEBUG_INFO = INCLUDE_SOURCE;
				MTL_FAST_MATH = YES;
				ONLY_ACTIVE_ARCH = YES;
				SDKROOT = iphoneos;
				SWIFT_ACTIVE_COMPILATION_CONDITIONS = DEBUG;
				SWIFT_OPTIMIZATION_LEVEL = "-Onone";
			};
			name = Debug;
		};
		0EE4353328F4477000CA7E58 /* Release */ = {
			isa = XCBuildConfiguration;
			buildSettings = {
				ALWAYS_SEARCH_USER_PATHS = NO;
				CLANG_ANALYZER_NONNULL = YES;
				CLANG_ANALYZER_NUMBER_OBJECT_CONVERSION = YES_AGGRESSIVE;
				CLANG_CXX_LANGUAGE_STANDARD = "gnu++20";
				CLANG_ENABLE_MODULES = YES;
				CLANG_ENABLE_OBJC_ARC = YES;
				CLANG_ENABLE_OBJC_WEAK = YES;
				CLANG_WARN_BLOCK_CAPTURE_AUTORELEASING = YES;
				CLANG_WARN_BOOL_CONVERSION = YES;
				CLANG_WARN_COMMA = YES;
				CLANG_WARN_CONSTANT_CONVERSION = YES;
				CLANG_WARN_DEPRECATED_OBJC_IMPLEMENTATIONS = YES;
				CLANG_WARN_DIRECT_OBJC_ISA_USAGE = YES_ERROR;
				CLANG_WARN_DOCUMENTATION_COMMENTS = YES;
				CLANG_WARN_EMPTY_BODY = YES;
				CLANG_WARN_ENUM_CONVERSION = YES;
				CLANG_WARN_INFINITE_RECURSION = YES;
				CLANG_WARN_INT_CONVERSION = YES;
				CLANG_WARN_NON_LITERAL_NULL_CONVERSION = YES;
				CLANG_WARN_OBJC_IMPLICIT_RETAIN_SELF = YES;
				CLANG_WARN_OBJC_LITERAL_CONVERSION = YES;
				CLANG_WARN_OBJC_ROOT_CLASS = YES_ERROR;
				CLANG_WARN_QUOTED_INCLUDE_IN_FRAMEWORK_HEADER = YES;
				CLANG_WARN_RANGE_LOOP_ANALYSIS = YES;
				CLANG_WARN_STRICT_PROTOTYPES = YES;
				CLANG_WARN_SUSPICIOUS_MOVE = YES;
				CLANG_WARN_UNGUARDED_AVAILABILITY = YES_AGGRESSIVE;
				CLANG_WARN_UNREACHABLE_CODE = YES;
				CLANG_WARN__DUPLICATE_METHOD_MATCH = YES;
				COPY_PHASE_STRIP = NO;
				DEBUG_INFORMATION_FORMAT = "dwarf-with-dsym";
				ENABLE_NS_ASSERTIONS = NO;
				ENABLE_STRICT_OBJC_MSGSEND = YES;
				GCC_C_LANGUAGE_STANDARD = gnu11;
				GCC_NO_COMMON_BLOCKS = YES;
				GCC_WARN_64_TO_32_BIT_CONVERSION = YES;
				GCC_WARN_ABOUT_RETURN_TYPE = YES_ERROR;
				GCC_WARN_UNDECLARED_SELECTOR = YES;
				GCC_WARN_UNINITIALIZED_AUTOS = YES_AGGRESSIVE;
				GCC_WARN_UNUSED_FUNCTION = YES;
				GCC_WARN_UNUSED_VARIABLE = YES;
				IPHONEOS_DEPLOYMENT_TARGET = 16.0;
				MTL_ENABLE_DEBUG_INFO = NO;
				MTL_FAST_MATH = YES;
				SDKROOT = iphoneos;
				SWIFT_COMPILATION_MODE = wholemodule;
				SWIFT_OPTIMIZATION_LEVEL = "-O";
				VALIDATE_PRODUCT = YES;
			};
			name = Release;
		};
		0EE4353528F4477000CA7E58 /* Debug */ = {
			isa = XCBuildConfiguration;
			baseConfigurationReference = BDF07B590D822EC472F2703B /* Pods-RGB.debug.xcconfig */;
			buildSettings = {
				ASSETCATALOG_COMPILER_APPICON_NAME = AppIcon;
				ASSETCATALOG_COMPILER_GLOBAL_ACCENT_COLOR_NAME = AccentColor;
				CODE_SIGN_STYLE = Automatic;
				CURRENT_PROJECT_VERSION = 1;
				GENERATE_INFOPLIST_FILE = YES;
				INFOPLIST_FILE = RGB/Info.plist;
				INFOPLIST_KEY_UIApplicationSupportsIndirectInputEvents = YES;
				INFOPLIST_KEY_UILaunchStoryboardName = LaunchScreen;
				INFOPLIST_KEY_UIMainStoryboardFile = "";
				INFOPLIST_KEY_UISupportedInterfaceOrientations_iPad = "UIInterfaceOrientationPortrait UIInterfaceOrientationPortraitUpsideDown UIInterfaceOrientationLandscapeLeft UIInterfaceOrientationLandscapeRight";
				INFOPLIST_KEY_UISupportedInterfaceOrientations_iPhone = "UIInterfaceOrientationPortrait UIInterfaceOrientationLandscapeLeft UIInterfaceOrientationLandscapeRight";
				LD_RUNPATH_SEARCH_PATHS = (
					"$(inherited)",
					"@executable_path/Frameworks",
				);
				MARKETING_VERSION = 1.0;
				PRODUCT_BUNDLE_IDENTIFIER = com.RGB;
				PRODUCT_NAME = "$(TARGET_NAME)";
				SWIFT_EMIT_LOC_STRINGS = YES;
				SWIFT_VERSION = 5.0;
				TARGETED_DEVICE_FAMILY = "1,2";
			};
			name = Debug;
		};
		0EE4353628F4477000CA7E58 /* Release */ = {
			isa = XCBuildConfiguration;
			baseConfigurationReference = 6F19F388A3CBD1A2BBFF1839 /* Pods-RGB.release.xcconfig */;
			buildSettings = {
				ASSETCATALOG_COMPILER_APPICON_NAME = AppIcon;
				ASSETCATALOG_COMPILER_GLOBAL_ACCENT_COLOR_NAME = AccentColor;
				CODE_SIGN_STYLE = Automatic;
				CURRENT_PROJECT_VERSION = 1;
				GENERATE_INFOPLIST_FILE = YES;
				INFOPLIST_FILE = RGB/Info.plist;
				INFOPLIST_KEY_UIApplicationSupportsIndirectInputEvents = YES;
				INFOPLIST_KEY_UILaunchStoryboardName = LaunchScreen;
				INFOPLIST_KEY_UIMainStoryboardFile = "";
				INFOPLIST_KEY_UISupportedInterfaceOrientations_iPad = "UIInterfaceOrientationPortrait UIInterfaceOrientationPortraitUpsideDown UIInterfaceOrientationLandscapeLeft UIInterfaceOrientationLandscapeRight";
				INFOPLIST_KEY_UISupportedInterfaceOrientations_iPhone = "UIInterfaceOrientationPortrait UIInterfaceOrientationLandscapeLeft UIInterfaceOrientationLandscapeRight";
				LD_RUNPATH_SEARCH_PATHS = (
					"$(inherited)",
					"@executable_path/Frameworks",
				);
				MARKETING_VERSION = 1.0;
				PRODUCT_BUNDLE_IDENTIFIER = com.RGB;
				PRODUCT_NAME = "$(TARGET_NAME)";
				SWIFT_EMIT_LOC_STRINGS = YES;
				SWIFT_VERSION = 5.0;
				TARGETED_DEVICE_FAMILY = "1,2";
			};
			name = Release;
		};
/* End XCBuildConfiguration section */

/* Begin XCConfigurationList section */
		0EE4351B28F4476F00CA7E58 /* Build configuration list for PBXProject "RGB" */ = {
			isa = XCConfigurationList;
			buildConfigurations = (
				0EE4353228F4477000CA7E58 /* Debug */,
				0EE4353328F4477000CA7E58 /* Release */,
			);
			defaultConfigurationIsVisible = 0;
			defaultConfigurationName = Release;
		};
		0EE4353428F4477000CA7E58 /* Build configuration list for PBXNativeTarget "RGB" */ = {
			isa = XCConfigurationList;
			buildConfigurations = (
				0EE4353528F4477000CA7E58 /* Debug */,
				0EE4353628F4477000CA7E58 /* Release */,
			);
			defaultConfigurationIsVisible = 0;
			defaultConfigurationName = Release;
		};
/* End XCConfigurationList section */
	};
	rootObject = 0EE4351828F4476F00CA7E58 /* Project object */;
}
