// !$*UTF8*$!
{
	archiveVersion = 1;
	classes = {
	};
	objectVersion = 56;
	objects = {

/* Begin PBXBuildFile section */
		0E0F94D928FD5D590004951F /* MyAPI+Method.swift in Sources */ = {isa = PBXBuildFile; fileRef = 0E0F94D128FD5D590004951F /* MyAPI+Method.swift */; };
		0E0F94DA28FD5D590004951F /* ModelType.swift in Sources */ = {isa = PBXBuildFile; fileRef = 0E0F94D228FD5D590004951F /* ModelType.swift */; };
		0E0F94DB28FD5D590004951F /* MyAPI.swift in Sources */ = {isa = PBXBuildFile; fileRef = 0E0F94D328FD5D590004951F /* MyAPI.swift */; };
		0E0F94DC28FD5D590004951F /* Moya+NetworkError.swift in Sources */ = {isa = PBXBuildFile; fileRef = 0E0F94D428FD5D590004951F /* Moya+NetworkError.swift */; };
		0E0F94DD28FD5D590004951F /* MyAPI+Path.swift in Sources */ = {isa = PBXBuildFile; fileRef = 0E0F94D528FD5D590004951F /* MyAPI+Path.swift */; };
		0E0F94DE28FD5D590004951F /* MyAPI+Request.swift in Sources */ = {isa = PBXBuildFile; fileRef = 0E0F94D628FD5D590004951F /* MyAPI+Request.swift */; };
		0E0F94DF28FD5D590004951F /* MyAPI+Task.swift in Sources */ = {isa = PBXBuildFile; fileRef = 0E0F94D728FD5D590004951F /* MyAPI+Task.swift */; };
		0E0F94E028FD5D590004951F /* MyAPI+BaseURL.swift in Sources */ = {isa = PBXBuildFile; fileRef = 0E0F94D828FD5D590004951F /* MyAPI+BaseURL.swift */; };
		0E0F94E328FD5DFF0004951F /* RequestModel.swift in Sources */ = {isa = PBXBuildFile; fileRef = 0E0F94E228FD5DFF0004951F /* RequestModel.swift */; };
		0E0F94E628FD5FC50004951F /* Signup.swift in Sources */ = {isa = PBXBuildFile; fileRef = 0E0F94E528FD5FC50004951F /* Signup.swift */; };
		0E23C2062923BFAC00C467F8 /* BagesTapView.swift in Sources */ = {isa = PBXBuildFile; fileRef = 0E23C2052923BFAC00C467F8 /* BagesTapView.swift */; };
		0E23C209292477E200C467F8 /* BagesDetailBuyVC.swift in Sources */ = {isa = PBXBuildFile; fileRef = 0E23C208292477E200C467F8 /* BagesDetailBuyVC.swift */; };
		0E23C20B2924BCD800C467F8 /* UserInformationView.swift in Sources */ = {isa = PBXBuildFile; fileRef = 0E23C20A2924BCD800C467F8 /* UserInformationView.swift */; };
		0E23C20E2924D14D00C467F8 /* UserChartView.swift in Sources */ = {isa = PBXBuildFile; fileRef = 0E23C20D2924D14D00C467F8 /* UserChartView.swift */; };
		0E23C2112924EDCE00C467F8 /* UserBadgesView.swift in Sources */ = {isa = PBXBuildFile; fileRef = 0E23C2102924EDCE00C467F8 /* UserBadgesView.swift */; };
		0E23C21429250CA300C467F8 /* UserGrassColorView.swift in Sources */ = {isa = PBXBuildFile; fileRef = 0E23C21329250CA300C467F8 /* UserGrassColorView.swift */; };
		0E23C2172925B5A500C467F8 /* SettingVC.swift in Sources */ = {isa = PBXBuildFile; fileRef = 0E23C2162925B5A500C467F8 /* SettingVC.swift */; };
		0E23C21A2925BDB600C467F8 /* ChangeThemeCell.swift in Sources */ = {isa = PBXBuildFile; fileRef = 0E23C2192925BDB600C467F8 /* ChangeThemeCell.swift */; };
		0E23C21C2925BE3E00C467F8 /* NotificationSettingsCell.swift in Sources */ = {isa = PBXBuildFile; fileRef = 0E23C21B2925BE3E00C467F8 /* NotificationSettingsCell.swift */; };
		0E23C21E2925BE6F00C467F8 /* ChangeLanguageCell.swift in Sources */ = {isa = PBXBuildFile; fileRef = 0E23C21D2925BE6F00C467F8 /* ChangeLanguageCell.swift */; };
		0E23C2202925BE9E00C467F8 /* AccountSettingCell.swift in Sources */ = {isa = PBXBuildFile; fileRef = 0E23C21F2925BE9E00C467F8 /* AccountSettingCell.swift */; };
		0E23C222292618C000C467F8 /* ThemeVC.swift in Sources */ = {isa = PBXBuildFile; fileRef = 0E23C221292618C000C467F8 /* ThemeVC.swift */; };
		0E2CBDCB292E0518001667BE /* GrasscollectionViewCell.swift in Sources */ = {isa = PBXBuildFile; fileRef = 0E2CBDCA292E0518001667BE /* GrasscollectionViewCell.swift */; };
		0E2CBDD6292F0E27001667BE /* MyStatsHoldingsChartModel.swift in Sources */ = {isa = PBXBuildFile; fileRef = 0E2CBDD5292F0E27001667BE /* MyStatsHoldingsChartModel.swift */; };
		0E2CBDD8292F550C001667BE /* StatsUserTableViewCell.swift in Sources */ = {isa = PBXBuildFile; fileRef = 0E2CBDD7292F550C001667BE /* StatsUserTableViewCell.swift */; };
		0E2CBE11293074D9001667BE /* UserGraphListSectionViewModel.swift in Sources */ = {isa = PBXBuildFile; fileRef = 0E2CBE10293074D9001667BE /* UserGraphListSectionViewModel.swift */; };
		0E2CBE14293076C7001667BE /* UserGraphListDetileViewModel.swift in Sources */ = {isa = PBXBuildFile; fileRef = 0E2CBE13293076C7001667BE /* UserGraphListDetileViewModel.swift */; };
		0E2CBE1729307894001667BE /* SuggestionCoinViewModel.swift in Sources */ = {isa = PBXBuildFile; fileRef = 0E2CBE1629307894001667BE /* SuggestionCoinViewModel.swift */; };
		0E2CBE1E29307B3F001667BE /* UserGraphListModel.swift in Sources */ = {isa = PBXBuildFile; fileRef = 0E2CBE1D29307B3F001667BE /* UserGraphListModel.swift */; };
		0E2CBE2129307C63001667BE /* SuggesionDetailViewModel.swift in Sources */ = {isa = PBXBuildFile; fileRef = 0E2CBE2029307C63001667BE /* SuggesionDetailViewModel.swift */; };
		0E2CBE2C29307F63001667BE /* PopularCoinViewModel.swift in Sources */ = {isa = PBXBuildFile; fileRef = 0E2CBE2B29307F63001667BE /* PopularCoinViewModel.swift */; };
		0E2CBE3029307FF8001667BE /* IncreaseCoinViewModel.swift in Sources */ = {isa = PBXBuildFile; fileRef = 0E2CBE2F29307FF8001667BE /* IncreaseCoinViewModel.swift */; };
		0E2CBE3429308090001667BE /* DrapCoinViewModel.swift in Sources */ = {isa = PBXBuildFile; fileRef = 0E2CBE3329308090001667BE /* DrapCoinViewModel.swift */; };
		0E2CBE3C293082C0001667BE /* StatsViewModel.swift in Sources */ = {isa = PBXBuildFile; fileRef = 0E2CBE3B293082C0001667BE /* StatsViewModel.swift */; };
		0E555B22290FB768005E379E /* BackGroundVC.swift in Sources */ = {isa = PBXBuildFile; fileRef = 0E555B21290FB768005E379E /* BackGroundVC.swift */; };
		0E555B24290FB7F5005E379E /* BackGroundTypes.swift in Sources */ = {isa = PBXBuildFile; fileRef = 0E555B23290FB7F5005E379E /* BackGroundTypes.swift */; };
		0E555B27290FDF2E005E379E /* SuggestionModel.swift in Sources */ = {isa = PBXBuildFile; fileRef = 0E555B26290FDF2E005E379E /* SuggestionModel.swift */; };
		0E555B29290FE0EC005E379E /* SuggesionDetailViewController.swift in Sources */ = {isa = PBXBuildFile; fileRef = 0E555B28290FE0EC005E379E /* SuggesionDetailViewController.swift */; };
		0E555B2E29108CE6005E379E /* Colors.xcassets in Resources */ = {isa = PBXBuildFile; fileRef = 0E555B2D29108CE6005E379E /* Colors.xcassets */; };
		0E61D6912907E6250098A3F5 /* SignupVC.swift in Sources */ = {isa = PBXBuildFile; fileRef = 0E61D6902907E6250098A3F5 /* SignupVC.swift */; };
		0E61D6932907E6310098A3F5 /* SignupView.swift in Sources */ = {isa = PBXBuildFile; fileRef = 0E61D6922907E6310098A3F5 /* SignupView.swift */; };
		0E61D6952907F0080098A3F5 /* PasswordChangeVC.swift in Sources */ = {isa = PBXBuildFile; fileRef = 0E61D6942907F0080098A3F5 /* PasswordChangeVC.swift */; };
		0E61D69A2907F0E20098A3F5 /* PasswordView.swift in Sources */ = {isa = PBXBuildFile; fileRef = 0E61D6992907F0E20098A3F5 /* PasswordView.swift */; };
		0E7929C42926428A00C0D188 /* ThemeListCell.swift in Sources */ = {isa = PBXBuildFile; fileRef = 0E7929C32926428A00C0D188 /* ThemeListCell.swift */; };
		0E856A592906880400F2A258 /* BaseSignView.swift in Sources */ = {isa = PBXBuildFile; fileRef = 0E856A582906880400F2A258 /* BaseSignView.swift */; };
		0E99736D2908A52400B95BC6 /* CertificationVC.swift in Sources */ = {isa = PBXBuildFile; fileRef = 0E99736C2908A52400B95BC6 /* CertificationVC.swift */; };
		0E9973702908A58F00B95BC6 /* CertificationView.swift in Sources */ = {isa = PBXBuildFile; fileRef = 0E99736F2908A58F00B95BC6 /* CertificationView.swift */; };
		0E9973742908A8F700B95BC6 /* BaseCompletionView.swift in Sources */ = {isa = PBXBuildFile; fileRef = 0E9973732908A8F700B95BC6 /* BaseCompletionView.swift */; };
		0E9973772908E3C100B95BC6 /* PasswordCompletionView.swift in Sources */ = {isa = PBXBuildFile; fileRef = 0E9973762908E3C100B95BC6 /* PasswordCompletionView.swift */; };
		0E99737B2908E44C00B95BC6 /* PasswordCompletionVC.swift in Sources */ = {isa = PBXBuildFile; fileRef = 0E99737A2908E44C00B95BC6 /* PasswordCompletionVC.swift */; };
		0E9BC15A28FEB7B700B8DB56 /* StartViewController.swift in Sources */ = {isa = PBXBuildFile; fileRef = 0E9BC15928FEB7B700B8DB56 /* StartViewController.swift */; };
		0E9BC16228FEC46100B8DB56 /* LoginVC.swift in Sources */ = {isa = PBXBuildFile; fileRef = 0E9BC16128FEC46100B8DB56 /* LoginVC.swift */; };
		0E9BC16428FEC49B00B8DB56 /* MainSignupVC.swift in Sources */ = {isa = PBXBuildFile; fileRef = 0E9BC16328FEC49B00B8DB56 /* MainSignupVC.swift */; };
		0EAFF92F29211D0D00162DD0 /* AdvertisementSectionView.swift in Sources */ = {isa = PBXBuildFile; fileRef = 0EAFF92E29211D0D00162DD0 /* AdvertisementSectionView.swift */; };
		0EAFF9352921335D00162DD0 /* CategorySectionView.swift in Sources */ = {isa = PBXBuildFile; fileRef = 0EAFF9342921335D00162DD0 /* CategorySectionView.swift */; };
		0EAFF9392921B49700162DD0 /* CategorySectionViewCell.swift in Sources */ = {isa = PBXBuildFile; fileRef = 0EAFF9382921B49700162DD0 /* CategorySectionViewCell.swift */; };
		0EAFF93B2921E0E600162DD0 /* PopularBadgesView.swift in Sources */ = {isa = PBXBuildFile; fileRef = 0EAFF93A2921E0E600162DD0 /* PopularBadgesView.swift */; };
		0EAFF93E2921E30600162DD0 /* BadgesCell.swift in Sources */ = {isa = PBXBuildFile; fileRef = 0EAFF93D2921E30600162DD0 /* BadgesCell.swift */; };
		0EAFF9412921F10E00162DD0 /* NewBadgesView.swift in Sources */ = {isa = PBXBuildFile; fileRef = 0EAFF9402921F10E00162DD0 /* NewBadgesView.swift */; };
		0EAFF94429221BD000162DD0 /* LastTextView.swift in Sources */ = {isa = PBXBuildFile; fileRef = 0EAFF94329221BD000162DD0 /* LastTextView.swift */; };
		0EAFF94929222E6100162DD0 /* BagesListModel.swift in Sources */ = {isa = PBXBuildFile; fileRef = 0EAFF94829222E6100162DD0 /* BagesListModel.swift */; };
		0EAFF94B2922444500162DD0 /* BagesDetailVC.swift in Sources */ = {isa = PBXBuildFile; fileRef = 0EAFF94A2922444500162DD0 /* BagesDetailVC.swift */; };
		0EAFF95629239C3600162DD0 /* PurchaseAndGiftButtonView.swift in Sources */ = {isa = PBXBuildFile; fileRef = 0EAFF95529239C3600162DD0 /* PurchaseAndGiftButtonView.swift */; };
		0EE4352428F4476F00CA7E58 /* AppDelegate.swift in Sources */ = {isa = PBXBuildFile; fileRef = 0EE4352328F4476F00CA7E58 /* AppDelegate.swift */; };
		0EE4352628F4476F00CA7E58 /* SceneDelegate.swift in Sources */ = {isa = PBXBuildFile; fileRef = 0EE4352528F4476F00CA7E58 /* SceneDelegate.swift */; };
		0EE4352D28F4477000CA7E58 /* Images.xcassets in Resources */ = {isa = PBXBuildFile; fileRef = 0EE4352C28F4477000CA7E58 /* Images.xcassets */; };
		0EE4353028F4477000CA7E58 /* LaunchScreen.storyboard in Resources */ = {isa = PBXBuildFile; fileRef = 0EE4352E28F4477000CA7E58 /* LaunchScreen.storyboard */; };
		0EEE8D3C2911093700227199 /* UserGraphListDetileVC.swift in Sources */ = {isa = PBXBuildFile; fileRef = 0EEE8D3B2911093700227199 /* UserGraphListDetileVC.swift */; };
		0EEE8D412911E75200227199 /* Roboto-Bold.ttf in Resources */ = {isa = PBXBuildFile; fileRef = 0EEE8D402911E75200227199 /* Roboto-Bold.ttf */; };
		0EEE8D5729126E2800227199 /* GrassSectionDetilVC.swift in Sources */ = {isa = PBXBuildFile; fileRef = 0EEE8D5629126E2800227199 /* GrassSectionDetilVC.swift */; };
		0EEE8D5929126E9500227199 /* GrassSectionModel.swift in Sources */ = {isa = PBXBuildFile; fileRef = 0EEE8D5829126E9500227199 /* GrassSectionModel.swift */; };
		0EF59AD429096081003FEA03 /* CertificationCompletionVC.swift in Sources */ = {isa = PBXBuildFile; fileRef = 0EF59AD329096081003FEA03 /* CertificationCompletionVC.swift */; };
		0EF59AD6290978E2003FEA03 /* TapBarVC.swift in Sources */ = {isa = PBXBuildFile; fileRef = 0EF59AD5290978E2003FEA03 /* TapBarVC.swift */; };
		0EF59AD929097ABA003FEA03 /* HomeVC.swift in Sources */ = {isa = PBXBuildFile; fileRef = 0EF59AD829097ABA003FEA03 /* HomeVC.swift */; };
		0EF59ADB29097ACF003FEA03 /* CoinVC.swift in Sources */ = {isa = PBXBuildFile; fileRef = 0EF59ADA29097ACF003FEA03 /* CoinVC.swift */; };
		0EF59ADD29097AD9003FEA03 /* CoinSearchVC.swift in Sources */ = {isa = PBXBuildFile; fileRef = 0EF59ADC29097AD9003FEA03 /* CoinSearchVC.swift */; };
		0EF59ADF29097AE6003FEA03 /* ShopVC.swift in Sources */ = {isa = PBXBuildFile; fileRef = 0EF59ADE29097AE6003FEA03 /* ShopVC.swift */; };
		0EF59AEF29099246003FEA03 /* UserGraphListSectionView.swift in Sources */ = {isa = PBXBuildFile; fileRef = 0EF59AEE29099246003FEA03 /* UserGraphListSectionView.swift */; };
		0EF59AF72909993A003FEA03 /* SuggestionCoinSectionView.swift in Sources */ = {isa = PBXBuildFile; fileRef = 0EF59AF62909993A003FEA03 /* SuggestionCoinSectionView.swift */; };
		0EF59AF92909994F003FEA03 /* SuggestionFeatureCollectionViewCell.swift in Sources */ = {isa = PBXBuildFile; fileRef = 0EF59AF82909994F003FEA03 /* SuggestionFeatureCollectionViewCell.swift */; };
		0EF59AFD2909997A003FEA03 /* SuggestionFeature.swift in Sources */ = {isa = PBXBuildFile; fileRef = 0EF59AFC2909997A003FEA03 /* SuggestionFeature.swift */; };
		0EF59AFF2909FE01003FEA03 /* Separator.swift in Sources */ = {isa = PBXBuildFile; fileRef = 0EF59AFE2909FE01003FEA03 /* Separator.swift */; };
		0EF59B04290CD7EF003FEA03 /* GrassSectionView.swift in Sources */ = {isa = PBXBuildFile; fileRef = 0EF59B03290CD7EF003FEA03 /* GrassSectionView.swift */; };
		0EF69C2B29275EF300C36DAC /* CategoryViewController.swift in Sources */ = {isa = PBXBuildFile; fileRef = 0EF69C2A29275EF300C36DAC /* CategoryViewController.swift */; };
		0EF69C2D29278E4D00C36DAC /* ControllerManager.swift in Sources */ = {isa = PBXBuildFile; fileRef = 0EF69C2C29278E4D00C36DAC /* ControllerManager.swift */; };
		0EF69C322927911400C36DAC /* BaseAbstractShop.swift in Sources */ = {isa = PBXBuildFile; fileRef = 0EF69C312927911400C36DAC /* BaseAbstractShop.swift */; };
		0EF69C342927970800C36DAC /* LIstVC.swift in Sources */ = {isa = PBXBuildFile; fileRef = 0EF69C332927970800C36DAC /* LIstVC.swift */; };
		0EF69C372927973D00C36DAC /* GrassGatchaVC.swift in Sources */ = {isa = PBXBuildFile; fileRef = 0EF69C362927973D00C36DAC /* GrassGatchaVC.swift */; };
		0EF69C3C29285F2300C36DAC /* BaseAbstractChart.swift in Sources */ = {isa = PBXBuildFile; fileRef = 0EF69C3B29285F2300C36DAC /* BaseAbstractChart.swift */; };
		0EF69C3F2928637500C36DAC /* StatsVC.swift in Sources */ = {isa = PBXBuildFile; fileRef = 0EF69C3E2928637500C36DAC /* StatsVC.swift */; };
		0EF69C41292863BE00C36DAC /* RankVC.swift in Sources */ = {isa = PBXBuildFile; fileRef = 0EF69C40292863BE00C36DAC /* RankVC.swift */; };
		0EF69C4429288F8500C36DAC /* PopularCoinView.swift in Sources */ = {isa = PBXBuildFile; fileRef = 0EF69C4329288F8500C36DAC /* PopularCoinView.swift */; };
		0EF69C4729289D5F00C36DAC /* IncreaseCoinView.swift in Sources */ = {isa = PBXBuildFile; fileRef = 0EF69C4629289D5F00C36DAC /* IncreaseCoinView.swift */; };
		0EF69C4A2928A2D100C36DAC /* DropCoinView.swift in Sources */ = {isa = PBXBuildFile; fileRef = 0EF69C492928A2D100C36DAC /* DropCoinView.swift */; };
		0EF69C4F2928D34B00C36DAC /* MyRankView.swift in Sources */ = {isa = PBXBuildFile; fileRef = 0EF69C4E2928D34B00C36DAC /* MyRankView.swift */; };
		0EF69C522928E53B00C36DAC /* HighestThreeView.swift in Sources */ = {isa = PBXBuildFile; fileRef = 0EF69C512928E53B00C36DAC /* HighestThreeView.swift */; };
		0EF69C552928EC7100C36DAC /* RevenueHighestThree.swift in Sources */ = {isa = PBXBuildFile; fileRef = 0EF69C542928EC7100C36DAC /* RevenueHighestThree.swift */; };
		0EF69C5829291D3600C36DAC /* BaseAbstractSearch.swift in Sources */ = {isa = PBXBuildFile; fileRef = 0EF69C5729291D3600C36DAC /* BaseAbstractSearch.swift */; };
		0EF69C5B29291F3000C36DAC /* UserSearchView.swift in Sources */ = {isa = PBXBuildFile; fileRef = 0EF69C5A29291F3000C36DAC /* UserSearchView.swift */; };
		0EF69C5E292A587200C36DAC /* CateforyCollectionViewCell.swift in Sources */ = {isa = PBXBuildFile; fileRef = 0EF69C5D292A587200C36DAC /* CateforyCollectionViewCell.swift */; };
		0EF69C60292AF25E00C36DAC /* ListCollectionViewCell.swift in Sources */ = {isa = PBXBuildFile; fileRef = 0EF69C5F292AF25E00C36DAC /* ListCollectionViewCell.swift */; };
		0EF711682906A419005D62EE /* LoginView.swift in Sources */ = {isa = PBXBuildFile; fileRef = 0EF711672906A419005D62EE /* LoginView.swift */; };
		6FAB5117A39FCDD46D18402F /* Pods_RGB.framework in Frameworks */ = {isa = PBXBuildFile; fileRef = 8416AB1030575CC12D855FE4 /* Pods_RGB.framework */; };
		F211DB7D48C4AEBE76C7FC00 /* UserVC.swift in Sources */ = {isa = PBXBuildFile; fileRef = F211DC1658F4F0A12C74281E /* UserVC.swift */; };
/* End PBXBuildFile section */

/* Begin PBXFileReference section */
		0E0F94D128FD5D590004951F /* MyAPI+Method.swift */ = {isa = PBXFileReference; fileEncoding = 4; lastKnownFileType = sourcecode.swift; path = "MyAPI+Method.swift"; sourceTree = "<group>"; };
		0E0F94D228FD5D590004951F /* ModelType.swift */ = {isa = PBXFileReference; fileEncoding = 4; lastKnownFileType = sourcecode.swift; path = ModelType.swift; sourceTree = "<group>"; };
		0E0F94D328FD5D590004951F /* MyAPI.swift */ = {isa = PBXFileReference; fileEncoding = 4; lastKnownFileType = sourcecode.swift; path = MyAPI.swift; sourceTree = "<group>"; };
		0E0F94D428FD5D590004951F /* Moya+NetworkError.swift */ = {isa = PBXFileReference; fileEncoding = 4; lastKnownFileType = sourcecode.swift; path = "Moya+NetworkError.swift"; sourceTree = "<group>"; };
		0E0F94D528FD5D590004951F /* MyAPI+Path.swift */ = {isa = PBXFileReference; fileEncoding = 4; lastKnownFileType = sourcecode.swift; path = "MyAPI+Path.swift"; sourceTree = "<group>"; };
		0E0F94D628FD5D590004951F /* MyAPI+Request.swift */ = {isa = PBXFileReference; fileEncoding = 4; lastKnownFileType = sourcecode.swift; path = "MyAPI+Request.swift"; sourceTree = "<group>"; };
		0E0F94D728FD5D590004951F /* MyAPI+Task.swift */ = {isa = PBXFileReference; fileEncoding = 4; lastKnownFileType = sourcecode.swift; path = "MyAPI+Task.swift"; sourceTree = "<group>"; };
		0E0F94D828FD5D590004951F /* MyAPI+BaseURL.swift */ = {isa = PBXFileReference; fileEncoding = 4; lastKnownFileType = sourcecode.swift; path = "MyAPI+BaseURL.swift"; sourceTree = "<group>"; };
		0E0F94E228FD5DFF0004951F /* RequestModel.swift */ = {isa = PBXFileReference; lastKnownFileType = sourcecode.swift; path = RequestModel.swift; sourceTree = "<group>"; };
		0E0F94E528FD5FC50004951F /* Signup.swift */ = {isa = PBXFileReference; lastKnownFileType = sourcecode.swift; path = Signup.swift; sourceTree = "<group>"; };
		0E23C2052923BFAC00C467F8 /* BagesTapView.swift */ = {isa = PBXFileReference; lastKnownFileType = sourcecode.swift; path = BagesTapView.swift; sourceTree = "<group>"; };
		0E23C208292477E200C467F8 /* BagesDetailBuyVC.swift */ = {isa = PBXFileReference; lastKnownFileType = sourcecode.swift; path = BagesDetailBuyVC.swift; sourceTree = "<group>"; };
		0E23C20A2924BCD800C467F8 /* UserInformationView.swift */ = {isa = PBXFileReference; lastKnownFileType = sourcecode.swift; path = UserInformationView.swift; sourceTree = "<group>"; };
		0E23C20D2924D14D00C467F8 /* UserChartView.swift */ = {isa = PBXFileReference; lastKnownFileType = sourcecode.swift; path = UserChartView.swift; sourceTree = "<group>"; };
		0E23C2102924EDCE00C467F8 /* UserBadgesView.swift */ = {isa = PBXFileReference; lastKnownFileType = sourcecode.swift; path = UserBadgesView.swift; sourceTree = "<group>"; };
		0E23C21329250CA300C467F8 /* UserGrassColorView.swift */ = {isa = PBXFileReference; lastKnownFileType = sourcecode.swift; path = UserGrassColorView.swift; sourceTree = "<group>"; };
		0E23C2162925B5A500C467F8 /* SettingVC.swift */ = {isa = PBXFileReference; lastKnownFileType = sourcecode.swift; path = SettingVC.swift; sourceTree = "<group>"; };
		0E23C2192925BDB600C467F8 /* ChangeThemeCell.swift */ = {isa = PBXFileReference; lastKnownFileType = sourcecode.swift; path = ChangeThemeCell.swift; sourceTree = "<group>"; };
		0E23C21B2925BE3E00C467F8 /* NotificationSettingsCell.swift */ = {isa = PBXFileReference; lastKnownFileType = sourcecode.swift; path = NotificationSettingsCell.swift; sourceTree = "<group>"; };
		0E23C21D2925BE6F00C467F8 /* ChangeLanguageCell.swift */ = {isa = PBXFileReference; lastKnownFileType = sourcecode.swift; path = ChangeLanguageCell.swift; sourceTree = "<group>"; };
		0E23C21F2925BE9E00C467F8 /* AccountSettingCell.swift */ = {isa = PBXFileReference; lastKnownFileType = sourcecode.swift; path = AccountSettingCell.swift; sourceTree = "<group>"; };
		0E23C221292618C000C467F8 /* ThemeVC.swift */ = {isa = PBXFileReference; lastKnownFileType = sourcecode.swift; path = ThemeVC.swift; sourceTree = "<group>"; };
		0E2CBDCA292E0518001667BE /* GrasscollectionViewCell.swift */ = {isa = PBXFileReference; lastKnownFileType = sourcecode.swift; path = GrasscollectionViewCell.swift; sourceTree = "<group>"; };
		0E2CBDD5292F0E27001667BE /* MyStatsHoldingsChartModel.swift */ = {isa = PBXFileReference; lastKnownFileType = sourcecode.swift; path = MyStatsHoldingsChartModel.swift; sourceTree = "<group>"; };
		0E2CBDD7292F550C001667BE /* StatsUserTableViewCell.swift */ = {isa = PBXFileReference; lastKnownFileType = sourcecode.swift; path = StatsUserTableViewCell.swift; sourceTree = "<group>"; };
		0E2CBE10293074D9001667BE /* UserGraphListSectionViewModel.swift */ = {isa = PBXFileReference; lastKnownFileType = sourcecode.swift; path = UserGraphListSectionViewModel.swift; sourceTree = "<group>"; };
		0E2CBE13293076C7001667BE /* UserGraphListDetileViewModel.swift */ = {isa = PBXFileReference; lastKnownFileType = sourcecode.swift; path = UserGraphListDetileViewModel.swift; sourceTree = "<group>"; };
		0E2CBE1629307894001667BE /* SuggestionCoinViewModel.swift */ = {isa = PBXFileReference; lastKnownFileType = sourcecode.swift; path = SuggestionCoinViewModel.swift; sourceTree = "<group>"; };
		0E2CBE1D29307B3F001667BE /* UserGraphListModel.swift */ = {isa = PBXFileReference; lastKnownFileType = sourcecode.swift; path = UserGraphListModel.swift; sourceTree = "<group>"; };
		0E2CBE2029307C63001667BE /* SuggesionDetailViewModel.swift */ = {isa = PBXFileReference; lastKnownFileType = sourcecode.swift; path = SuggesionDetailViewModel.swift; sourceTree = "<group>"; };
		0E2CBE2B29307F63001667BE /* PopularCoinViewModel.swift */ = {isa = PBXFileReference; lastKnownFileType = sourcecode.swift; path = PopularCoinViewModel.swift; sourceTree = "<group>"; };
		0E2CBE2F29307FF8001667BE /* IncreaseCoinViewModel.swift */ = {isa = PBXFileReference; lastKnownFileType = sourcecode.swift; path = IncreaseCoinViewModel.swift; sourceTree = "<group>"; };
		0E2CBE3329308090001667BE /* DrapCoinViewModel.swift */ = {isa = PBXFileReference; lastKnownFileType = sourcecode.swift; path = DrapCoinViewModel.swift; sourceTree = "<group>"; };
		0E2CBE3B293082C0001667BE /* StatsViewModel.swift */ = {isa = PBXFileReference; lastKnownFileType = sourcecode.swift; path = StatsViewModel.swift; sourceTree = "<group>"; };
		0E555B21290FB768005E379E /* BackGroundVC.swift */ = {isa = PBXFileReference; lastKnownFileType = sourcecode.swift; path = BackGroundVC.swift; sourceTree = "<group>"; };
		0E555B23290FB7F5005E379E /* BackGroundTypes.swift */ = {isa = PBXFileReference; lastKnownFileType = sourcecode.swift; path = BackGroundTypes.swift; sourceTree = "<group>"; };
		0E555B26290FDF2E005E379E /* SuggestionModel.swift */ = {isa = PBXFileReference; lastKnownFileType = sourcecode.swift; path = SuggestionModel.swift; sourceTree = "<group>"; };
		0E555B28290FE0EC005E379E /* SuggesionDetailViewController.swift */ = {isa = PBXFileReference; lastKnownFileType = sourcecode.swift; path = SuggesionDetailViewController.swift; sourceTree = "<group>"; };
		0E555B2D29108CE6005E379E /* Colors.xcassets */ = {isa = PBXFileReference; lastKnownFileType = folder.assetcatalog; path = Colors.xcassets; sourceTree = "<group>"; };
		0E61D6902907E6250098A3F5 /* SignupVC.swift */ = {isa = PBXFileReference; lastKnownFileType = sourcecode.swift; path = SignupVC.swift; sourceTree = "<group>"; };
		0E61D6922907E6310098A3F5 /* SignupView.swift */ = {isa = PBXFileReference; lastKnownFileType = sourcecode.swift; path = SignupView.swift; sourceTree = "<group>"; };
		0E61D6942907F0080098A3F5 /* PasswordChangeVC.swift */ = {isa = PBXFileReference; lastKnownFileType = sourcecode.swift; path = PasswordChangeVC.swift; sourceTree = "<group>"; };
		0E61D6992907F0E20098A3F5 /* PasswordView.swift */ = {isa = PBXFileReference; lastKnownFileType = sourcecode.swift; path = PasswordView.swift; sourceTree = "<group>"; };
		0E7929C32926428A00C0D188 /* ThemeListCell.swift */ = {isa = PBXFileReference; lastKnownFileType = sourcecode.swift; path = ThemeListCell.swift; sourceTree = "<group>"; };
		0E856A582906880400F2A258 /* BaseSignView.swift */ = {isa = PBXFileReference; lastKnownFileType = sourcecode.swift; path = BaseSignView.swift; sourceTree = "<group>"; };
		0E99736C2908A52400B95BC6 /* CertificationVC.swift */ = {isa = PBXFileReference; lastKnownFileType = sourcecode.swift; path = CertificationVC.swift; sourceTree = "<group>"; };
		0E99736F2908A58F00B95BC6 /* CertificationView.swift */ = {isa = PBXFileReference; lastKnownFileType = sourcecode.swift; path = CertificationView.swift; sourceTree = "<group>"; };
		0E9973732908A8F700B95BC6 /* BaseCompletionView.swift */ = {isa = PBXFileReference; lastKnownFileType = sourcecode.swift; path = BaseCompletionView.swift; sourceTree = "<group>"; };
		0E9973762908E3C100B95BC6 /* PasswordCompletionView.swift */ = {isa = PBXFileReference; lastKnownFileType = sourcecode.swift; path = PasswordCompletionView.swift; sourceTree = "<group>"; };
		0E99737A2908E44C00B95BC6 /* PasswordCompletionVC.swift */ = {isa = PBXFileReference; lastKnownFileType = sourcecode.swift; path = PasswordCompletionVC.swift; sourceTree = "<group>"; };
		0E9BC15928FEB7B700B8DB56 /* StartViewController.swift */ = {isa = PBXFileReference; lastKnownFileType = sourcecode.swift; path = StartViewController.swift; sourceTree = "<group>"; };
		0E9BC16128FEC46100B8DB56 /* LoginVC.swift */ = {isa = PBXFileReference; lastKnownFileType = sourcecode.swift; path = LoginVC.swift; sourceTree = "<group>"; };
		0E9BC16328FEC49B00B8DB56 /* MainSignupVC.swift */ = {isa = PBXFileReference; lastKnownFileType = sourcecode.swift; path = MainSignupVC.swift; sourceTree = "<group>"; };
		0EAFF92E29211D0D00162DD0 /* AdvertisementSectionView.swift */ = {isa = PBXFileReference; lastKnownFileType = sourcecode.swift; path = AdvertisementSectionView.swift; sourceTree = "<group>"; };
		0EAFF9342921335D00162DD0 /* CategorySectionView.swift */ = {isa = PBXFileReference; lastKnownFileType = sourcecode.swift; path = CategorySectionView.swift; sourceTree = "<group>"; };
		0EAFF9382921B49700162DD0 /* CategorySectionViewCell.swift */ = {isa = PBXFileReference; lastKnownFileType = sourcecode.swift; path = CategorySectionViewCell.swift; sourceTree = "<group>"; };
		0EAFF93A2921E0E600162DD0 /* PopularBadgesView.swift */ = {isa = PBXFileReference; lastKnownFileType = sourcecode.swift; path = PopularBadgesView.swift; sourceTree = "<group>"; };
		0EAFF93D2921E30600162DD0 /* BadgesCell.swift */ = {isa = PBXFileReference; lastKnownFileType = sourcecode.swift; path = BadgesCell.swift; sourceTree = "<group>"; };
		0EAFF9402921F10E00162DD0 /* NewBadgesView.swift */ = {isa = PBXFileReference; lastKnownFileType = sourcecode.swift; path = NewBadgesView.swift; sourceTree = "<group>"; };
		0EAFF94329221BD000162DD0 /* LastTextView.swift */ = {isa = PBXFileReference; lastKnownFileType = sourcecode.swift; path = LastTextView.swift; sourceTree = "<group>"; };
		0EAFF94829222E6100162DD0 /* BagesListModel.swift */ = {isa = PBXFileReference; lastKnownFileType = sourcecode.swift; path = BagesListModel.swift; sourceTree = "<group>"; };
		0EAFF94A2922444500162DD0 /* BagesDetailVC.swift */ = {isa = PBXFileReference; lastKnownFileType = sourcecode.swift; path = BagesDetailVC.swift; sourceTree = "<group>"; };
		0EAFF95529239C3600162DD0 /* PurchaseAndGiftButtonView.swift */ = {isa = PBXFileReference; lastKnownFileType = sourcecode.swift; path = PurchaseAndGiftButtonView.swift; sourceTree = "<group>"; };
		0EE4352028F4476F00CA7E58 /* RGB.app */ = {isa = PBXFileReference; explicitFileType = wrapper.application; includeInIndex = 0; path = RGB.app; sourceTree = BUILT_PRODUCTS_DIR; };
		0EE4352328F4476F00CA7E58 /* AppDelegate.swift */ = {isa = PBXFileReference; lastKnownFileType = sourcecode.swift; path = AppDelegate.swift; sourceTree = "<group>"; };
		0EE4352528F4476F00CA7E58 /* SceneDelegate.swift */ = {isa = PBXFileReference; lastKnownFileType = sourcecode.swift; path = SceneDelegate.swift; sourceTree = "<group>"; };
		0EE4352C28F4477000CA7E58 /* Images.xcassets */ = {isa = PBXFileReference; lastKnownFileType = folder.assetcatalog; path = Images.xcassets; sourceTree = "<group>"; };
		0EE4352F28F4477000CA7E58 /* Base */ = {isa = PBXFileReference; lastKnownFileType = file.storyboard; name = Base; path = Base.lproj/LaunchScreen.storyboard; sourceTree = "<group>"; };
		0EE4353128F4477000CA7E58 /* Info.plist */ = {isa = PBXFileReference; lastKnownFileType = text.plist.xml; path = Info.plist; sourceTree = "<group>"; };
		0EEE8D3B2911093700227199 /* UserGraphListDetileVC.swift */ = {isa = PBXFileReference; lastKnownFileType = sourcecode.swift; path = UserGraphListDetileVC.swift; sourceTree = "<group>"; };
		0EEE8D402911E75200227199 /* Roboto-Bold.ttf */ = {isa = PBXFileReference; lastKnownFileType = file; path = "Roboto-Bold.ttf"; sourceTree = "<group>"; };
		0EEE8D5629126E2800227199 /* GrassSectionDetilVC.swift */ = {isa = PBXFileReference; lastKnownFileType = sourcecode.swift; path = GrassSectionDetilVC.swift; sourceTree = "<group>"; };
		0EEE8D5829126E9500227199 /* GrassSectionModel.swift */ = {isa = PBXFileReference; lastKnownFileType = sourcecode.swift; path = GrassSectionModel.swift; sourceTree = "<group>"; };
		0EF59AD329096081003FEA03 /* CertificationCompletionVC.swift */ = {isa = PBXFileReference; lastKnownFileType = sourcecode.swift; path = CertificationCompletionVC.swift; sourceTree = "<group>"; };
		0EF59AD5290978E2003FEA03 /* TapBarVC.swift */ = {isa = PBXFileReference; lastKnownFileType = sourcecode.swift; path = TapBarVC.swift; sourceTree = "<group>"; };
		0EF59AD829097ABA003FEA03 /* HomeVC.swift */ = {isa = PBXFileReference; lastKnownFileType = sourcecode.swift; path = HomeVC.swift; sourceTree = "<group>"; };
		0EF59ADA29097ACF003FEA03 /* CoinVC.swift */ = {isa = PBXFileReference; lastKnownFileType = sourcecode.swift; path = CoinVC.swift; sourceTree = "<group>"; };
		0EF59ADC29097AD9003FEA03 /* CoinSearchVC.swift */ = {isa = PBXFileReference; lastKnownFileType = sourcecode.swift; path = CoinSearchVC.swift; sourceTree = "<group>"; };
		0EF59ADE29097AE6003FEA03 /* ShopVC.swift */ = {isa = PBXFileReference; lastKnownFileType = sourcecode.swift; path = ShopVC.swift; sourceTree = "<group>"; };
		0EF59AEE29099246003FEA03 /* UserGraphListSectionView.swift */ = {isa = PBXFileReference; lastKnownFileType = sourcecode.swift; path = UserGraphListSectionView.swift; sourceTree = "<group>"; };
		0EF59AF62909993A003FEA03 /* SuggestionCoinSectionView.swift */ = {isa = PBXFileReference; lastKnownFileType = sourcecode.swift; path = SuggestionCoinSectionView.swift; sourceTree = "<group>"; };
		0EF59AF82909994F003FEA03 /* SuggestionFeatureCollectionViewCell.swift */ = {isa = PBXFileReference; lastKnownFileType = sourcecode.swift; path = SuggestionFeatureCollectionViewCell.swift; sourceTree = "<group>"; };
		0EF59AFC2909997A003FEA03 /* SuggestionFeature.swift */ = {isa = PBXFileReference; lastKnownFileType = sourcecode.swift; path = SuggestionFeature.swift; sourceTree = "<group>"; };
		0EF59AFE2909FE01003FEA03 /* Separator.swift */ = {isa = PBXFileReference; lastKnownFileType = sourcecode.swift; path = Separator.swift; sourceTree = "<group>"; };
		0EF59B03290CD7EF003FEA03 /* GrassSectionView.swift */ = {isa = PBXFileReference; lastKnownFileType = sourcecode.swift; path = GrassSectionView.swift; sourceTree = "<group>"; };
		0EF69C2A29275EF300C36DAC /* CategoryViewController.swift */ = {isa = PBXFileReference; lastKnownFileType = sourcecode.swift; path = CategoryViewController.swift; sourceTree = "<group>"; };
		0EF69C2C29278E4D00C36DAC /* ControllerManager.swift */ = {isa = PBXFileReference; lastKnownFileType = sourcecode.swift; path = ControllerManager.swift; sourceTree = "<group>"; };
		0EF69C312927911400C36DAC /* BaseAbstractShop.swift */ = {isa = PBXFileReference; lastKnownFileType = sourcecode.swift; path = BaseAbstractShop.swift; sourceTree = "<group>"; };
		0EF69C332927970800C36DAC /* LIstVC.swift */ = {isa = PBXFileReference; lastKnownFileType = sourcecode.swift; path = LIstVC.swift; sourceTree = "<group>"; };
		0EF69C362927973D00C36DAC /* GrassGatchaVC.swift */ = {isa = PBXFileReference; lastKnownFileType = sourcecode.swift; path = GrassGatchaVC.swift; sourceTree = "<group>"; };
		0EF69C3B29285F2300C36DAC /* BaseAbstractChart.swift */ = {isa = PBXFileReference; lastKnownFileType = sourcecode.swift; path = BaseAbstractChart.swift; sourceTree = "<group>"; };
		0EF69C3E2928637500C36DAC /* StatsVC.swift */ = {isa = PBXFileReference; lastKnownFileType = sourcecode.swift; path = StatsVC.swift; sourceTree = "<group>"; };
		0EF69C40292863BE00C36DAC /* RankVC.swift */ = {isa = PBXFileReference; lastKnownFileType = sourcecode.swift; path = RankVC.swift; sourceTree = "<group>"; };
		0EF69C4329288F8500C36DAC /* PopularCoinView.swift */ = {isa = PBXFileReference; lastKnownFileType = sourcecode.swift; path = PopularCoinView.swift; sourceTree = "<group>"; };
		0EF69C4629289D5F00C36DAC /* IncreaseCoinView.swift */ = {isa = PBXFileReference; lastKnownFileType = sourcecode.swift; path = IncreaseCoinView.swift; sourceTree = "<group>"; };
		0EF69C492928A2D100C36DAC /* DropCoinView.swift */ = {isa = PBXFileReference; lastKnownFileType = sourcecode.swift; path = DropCoinView.swift; sourceTree = "<group>"; };
		0EF69C4E2928D34B00C36DAC /* MyRankView.swift */ = {isa = PBXFileReference; lastKnownFileType = sourcecode.swift; path = MyRankView.swift; sourceTree = "<group>"; };
		0EF69C512928E53B00C36DAC /* HighestThreeView.swift */ = {isa = PBXFileReference; lastKnownFileType = sourcecode.swift; path = HighestThreeView.swift; sourceTree = "<group>"; };
		0EF69C542928EC7100C36DAC /* RevenueHighestThree.swift */ = {isa = PBXFileReference; lastKnownFileType = sourcecode.swift; path = RevenueHighestThree.swift; sourceTree = "<group>"; };
		0EF69C5729291D3600C36DAC /* BaseAbstractSearch.swift */ = {isa = PBXFileReference; lastKnownFileType = sourcecode.swift; path = BaseAbstractSearch.swift; sourceTree = "<group>"; };
		0EF69C5A29291F3000C36DAC /* UserSearchView.swift */ = {isa = PBXFileReference; lastKnownFileType = sourcecode.swift; path = UserSearchView.swift; sourceTree = "<group>"; };
		0EF69C5D292A587200C36DAC /* CateforyCollectionViewCell.swift */ = {isa = PBXFileReference; lastKnownFileType = sourcecode.swift; path = CateforyCollectionViewCell.swift; sourceTree = "<group>"; };
		0EF69C5F292AF25E00C36DAC /* ListCollectionViewCell.swift */ = {isa = PBXFileReference; lastKnownFileType = sourcecode.swift; path = ListCollectionViewCell.swift; sourceTree = "<group>"; };
		0EF711672906A419005D62EE /* LoginView.swift */ = {isa = PBXFileReference; lastKnownFileType = sourcecode.swift; path = LoginView.swift; sourceTree = "<group>"; };
		6F19F388A3CBD1A2BBFF1839 /* Pods-RGB.release.xcconfig */ = {isa = PBXFileReference; includeInIndex = 1; lastKnownFileType = text.xcconfig; name = "Pods-RGB.release.xcconfig"; path = "Target Support Files/Pods-RGB/Pods-RGB.release.xcconfig"; sourceTree = "<group>"; };
		8416AB1030575CC12D855FE4 /* Pods_RGB.framework */ = {isa = PBXFileReference; explicitFileType = wrapper.framework; includeInIndex = 0; path = Pods_RGB.framework; sourceTree = BUILT_PRODUCTS_DIR; };
		BDF07B590D822EC472F2703B /* Pods-RGB.debug.xcconfig */ = {isa = PBXFileReference; includeInIndex = 1; lastKnownFileType = text.xcconfig; name = "Pods-RGB.debug.xcconfig"; path = "Target Support Files/Pods-RGB/Pods-RGB.debug.xcconfig"; sourceTree = "<group>"; };
		F211DC1658F4F0A12C74281E /* UserVC.swift */ = {isa = PBXFileReference; fileEncoding = 4; lastKnownFileType = sourcecode.swift; path = UserVC.swift; sourceTree = "<group>"; };
/* End PBXFileReference section */

/* Begin PBXFrameworksBuildPhase section */
		0EE4351D28F4476F00CA7E58 /* Frameworks */ = {
			isa = PBXFrameworksBuildPhase;
			buildActionMask = 2147483647;
			files = (
				6FAB5117A39FCDD46D18402F /* Pods_RGB.framework in Frameworks */,
			);
			runOnlyForDeploymentPostprocessing = 0;
		};
/* End PBXFrameworksBuildPhase section */

/* Begin PBXGroup section */
		0E0F94E128FD5D640004951F /* Networking */ = {
			isa = PBXGroup;
			children = (
				0E0F94D228FD5D590004951F /* ModelType.swift */,
				0E0F94D428FD5D590004951F /* Moya+NetworkError.swift */,
				0E0F94D328FD5D590004951F /* MyAPI.swift */,
				0E0F94D828FD5D590004951F /* MyAPI+BaseURL.swift */,
				0E0F94D128FD5D590004951F /* MyAPI+Method.swift */,
				0E0F94D528FD5D590004951F /* MyAPI+Path.swift */,
				0E0F94D628FD5D590004951F /* MyAPI+Request.swift */,
				0E0F94D728FD5D590004951F /* MyAPI+Task.swift */,
			);
			path = Networking;
			sourceTree = "<group>";
		};
		0E0F94E428FD5E080004951F /* Model */ = {
			isa = PBXGroup;
			children = (
				0E0F94E228FD5DFF0004951F /* RequestModel.swift */,
			);
			path = Model;
			sourceTree = "<group>";
		};
		0E23C207292477B200C467F8 /* BagesDetail */ = {
			isa = PBXGroup;
			children = (
				0EAFF94A2922444500162DD0 /* BagesDetailVC.swift */,
				0E23C208292477E200C467F8 /* BagesDetailBuyVC.swift */,
			);
			path = BagesDetail;
			sourceTree = "<group>";
		};
		0E23C20C2924BEF500C467F8 /* UserInformation */ = {
			isa = PBXGroup;
			children = (
				0E23C20A2924BCD800C467F8 /* UserInformationView.swift */,
			);
			path = UserInformation;
			sourceTree = "<group>";
		};
		0E23C20F2924D2DD00C467F8 /* UserChart */ = {
			isa = PBXGroup;
			children = (
				0E23C20D2924D14D00C467F8 /* UserChartView.swift */,
			);
			path = UserChart;
			sourceTree = "<group>";
		};
		0E23C2122924EDD500C467F8 /* UserBages */ = {
			isa = PBXGroup;
			children = (
				0E23C2102924EDCE00C467F8 /* UserBadgesView.swift */,
			);
			path = UserBages;
			sourceTree = "<group>";
		};
		0E23C21529250CA900C467F8 /* UserGrass */ = {
			isa = PBXGroup;
			children = (
				0E23C21329250CA300C467F8 /* UserGrassColorView.swift */,
			);
			path = UserGrass;
			sourceTree = "<group>";
		};
		0E23C2182925B5AA00C467F8 /* Setting */ = {
			isa = PBXGroup;
			children = (
				0E23C2162925B5A500C467F8 /* SettingVC.swift */,
				0E7929C229263B8300C0D188 /* Theme */,
				0E23C21B2925BE3E00C467F8 /* NotificationSettingsCell.swift */,
				0E23C21D2925BE6F00C467F8 /* ChangeLanguageCell.swift */,
				0E23C21F2925BE9E00C467F8 /* AccountSettingCell.swift */,
			);
			path = Setting;
			sourceTree = "<group>";
		};
		0E2CBE1229307506001667BE /* UserGraphListDetailView */ = {
			isa = PBXGroup;
			children = (
				0E2CBE2429307CD6001667BE /* View */,
				0E2CBE2329307CCA001667BE /* ViewModel */,
			);
			path = UserGraphListDetailView;
			sourceTree = "<group>";
		};
		0E2CBE152930785C001667BE /* SuggesionDetail */ = {
			isa = PBXGroup;
			children = (
				0E2CBE1F29307C47001667BE /* View */,
				0E2CBE2229307CAE001667BE /* ViewModel */,
			);
			path = SuggesionDetail;
			sourceTree = "<group>";
		};
		0E2CBE18293078B6001667BE /* SuggestionCollectionCell */ = {
			isa = PBXGroup;
			children = (
				0EF59AF82909994F003FEA03 /* SuggestionFeatureCollectionViewCell.swift */,
			);
			path = SuggestionCollectionCell;
			sourceTree = "<group>";
		};
		0E2CBE1929307929001667BE /* View */ = {
			isa = PBXGroup;
			children = (
				0EF59AEE29099246003FEA03 /* UserGraphListSectionView.swift */,
			);
			path = View;
			sourceTree = "<group>";
		};
		0E2CBE1A29307936001667BE /* ViewModel */ = {
			isa = PBXGroup;
			children = (
				0E2CBE10293074D9001667BE /* UserGraphListSectionViewModel.swift */,
			);
			path = ViewModel;
			sourceTree = "<group>";
		};
		0E2CBE1B29307965001667BE /* View */ = {
			isa = PBXGroup;
			children = (
				0EF59AF62909993A003FEA03 /* SuggestionCoinSectionView.swift */,
			);
			path = View;
			sourceTree = "<group>";
		};
		0E2CBE1C29307976001667BE /* ViewModel */ = {
			isa = PBXGroup;
			children = (
				0E2CBE1629307894001667BE /* SuggestionCoinViewModel.swift */,
			);
			path = ViewModel;
			sourceTree = "<group>";
		};
		0E2CBE1F29307C47001667BE /* View */ = {
			isa = PBXGroup;
			children = (
				0E555B28290FE0EC005E379E /* SuggesionDetailViewController.swift */,
			);
			path = View;
			sourceTree = "<group>";
		};
		0E2CBE2229307CAE001667BE /* ViewModel */ = {
			isa = PBXGroup;
			children = (
				0E2CBE2029307C63001667BE /* SuggesionDetailViewModel.swift */,
			);
			path = ViewModel;
			sourceTree = "<group>";
		};
		0E2CBE2329307CCA001667BE /* ViewModel */ = {
			isa = PBXGroup;
			children = (
				0E2CBE13293076C7001667BE /* UserGraphListDetileViewModel.swift */,
			);
			path = ViewModel;
			sourceTree = "<group>";
		};
		0E2CBE2429307CD6001667BE /* View */ = {
			isa = PBXGroup;
			children = (
				0EEE8D3B2911093700227199 /* UserGraphListDetileVC.swift */,
			);
			path = View;
			sourceTree = "<group>";
		};
		0E2CBE2529307D7F001667BE /* GrassViewCell */ = {
			isa = PBXGroup;
			children = (
				0E2CBDCA292E0518001667BE /* GrasscollectionViewCell.swift */,
			);
			path = GrassViewCell;
			sourceTree = "<group>";
		};
		0E2CBE2629307D95001667BE /* Model */ = {
			isa = PBXGroup;
			children = (
				0EEE8D5829126E9500227199 /* GrassSectionModel.swift */,
			);
			path = Model;
			sourceTree = "<group>";
		};
		0E2CBE2729307D9F001667BE /* View */ = {
			isa = PBXGroup;
			children = (
				0EF59B03290CD7EF003FEA03 /* GrassSectionView.swift */,
			);
			path = View;
			sourceTree = "<group>";
		};
		0E2CBE2829307DD2001667BE /* GrassSectionDetil */ = {
			isa = PBXGroup;
			children = (
				0EEE8D5629126E2800227199 /* GrassSectionDetilVC.swift */,
			);
			path = GrassSectionDetil;
			sourceTree = "<group>";
		};
		0E2CBE2929307ED7001667BE /* MainHomeViewController */ = {
			isa = PBXGroup;
			children = (
				0EF59AD829097ABA003FEA03 /* HomeVC.swift */,
			);
			path = MainHomeViewController;
			sourceTree = "<group>";
		};
		0E2CBE2A29307EF7001667BE /* MainCoinViewController */ = {
			isa = PBXGroup;
			children = (
				0EF59ADA29097ACF003FEA03 /* CoinVC.swift */,
			);
			path = MainCoinViewController;
			sourceTree = "<group>";
		};
		0E2CBE2D29307F93001667BE /* View */ = {
			isa = PBXGroup;
			children = (
				0EF69C4329288F8500C36DAC /* PopularCoinView.swift */,
			);
			path = View;
			sourceTree = "<group>";
		};
		0E2CBE2E29307F9B001667BE /* ViewModel */ = {
			isa = PBXGroup;
			children = (
				0E2CBE2B29307F63001667BE /* PopularCoinViewModel.swift */,
			);
			path = ViewModel;
			sourceTree = "<group>";
		};
		0E2CBE312930802D001667BE /* View */ = {
			isa = PBXGroup;
			children = (
				0EF69C4629289D5F00C36DAC /* IncreaseCoinView.swift */,
			);
			path = View;
			sourceTree = "<group>";
		};
		0E2CBE3229308035001667BE /* ViewModel */ = {
			isa = PBXGroup;
			children = (
				0E2CBE2F29307FF8001667BE /* IncreaseCoinViewModel.swift */,
			);
			path = ViewModel;
			sourceTree = "<group>";
		};
		0E2CBE35293080AC001667BE /* View */ = {
			isa = PBXGroup;
			children = (
				0EF69C492928A2D100C36DAC /* DropCoinView.swift */,
			);
			path = View;
			sourceTree = "<group>";
		};
		0E2CBE36293080B4001667BE /* ViewModel */ = {
			isa = PBXGroup;
			children = (
				0E2CBE3329308090001667BE /* DrapCoinViewModel.swift */,
			);
			path = ViewModel;
			sourceTree = "<group>";
		};
		0E2CBE382930821D001667BE /* Model */ = {
			isa = PBXGroup;
			children = (
				0E2CBDD5292F0E27001667BE /* MyStatsHoldingsChartModel.swift */,
			);
			path = Model;
			sourceTree = "<group>";
		};
		0E2CBE3929308253001667BE /* StatsTableViewCell */ = {
			isa = PBXGroup;
			children = (
				0E2CBDD7292F550C001667BE /* StatsUserTableViewCell.swift */,
			);
			path = StatsTableViewCell;
			sourceTree = "<group>";
		};
		0E2CBE3A29308269001667BE /* View */ = {
			isa = PBXGroup;
			children = (
				0EF69C3E2928637500C36DAC /* StatsVC.swift */,
			);
			path = View;
			sourceTree = "<group>";
		};
		0E2CBE3D293082C3001667BE /* ViewModel */ = {
			isa = PBXGroup;
			children = (
				0E2CBE3B293082C0001667BE /* StatsViewModel.swift */,
			);
			path = ViewModel;
			sourceTree = "<group>";
		};
		0E555B25290FC004005E379E /* BGroundBase */ = {
			isa = PBXGroup;
			children = (
				0E555B21290FB768005E379E /* BackGroundVC.swift */,
				0E555B23290FB7F5005E379E /* BackGroundTypes.swift */,
			);
			path = BGroundBase;
			sourceTree = "<group>";
		};
		0E555B2A290FE139005E379E /* Model */ = {
			isa = PBXGroup;
			children = (
				0E555B26290FDF2E005E379E /* SuggestionModel.swift */,
				0EF59AFC2909997A003FEA03 /* SuggestionFeature.swift */,
			);
			path = Model;
			sourceTree = "<group>";
		};
		0E61D68C2907D3780098A3F5 /* Signup */ = {
			isa = PBXGroup;
			children = (
				0E61D6902907E6250098A3F5 /* SignupVC.swift */,
				0E61D6922907E6310098A3F5 /* SignupView.swift */,
				0E99736E2908A52B00B95BC6 /* Certification */,
			);
			path = Signup;
			sourceTree = "<group>";
		};
		0E61D68D2907D3B20098A3F5 /* App */ = {
			isa = PBXGroup;
			children = (
				0EE4352328F4476F00CA7E58 /* AppDelegate.swift */,
				0EE4352528F4476F00CA7E58 /* SceneDelegate.swift */,
			);
			path = App;
			sourceTree = "<group>";
		};
		0E61D68E2907D4420098A3F5 /* Scene */ = {
			isa = PBXGroup;
			children = (
				0EF59AFE2909FE01003FEA03 /* Separator.swift */,
				0EF59AE229097B84003FEA03 /* Home */,
				0EF59AE329097B91003FEA03 /* Chart */,
				0EF59AE429097BA7003FEA03 /* Search */,
				0EF59AE529097BB2003FEA03 /* Shop */,
				0EF59AE629097BBD003FEA03 /* User */,
				0EF7116B2907ACA8005D62EE /* Login */,
				0E61D68C2907D3780098A3F5 /* Signup */,
				0E23C2182925B5AA00C467F8 /* Setting */,
				0EF69C2C29278E4D00C36DAC /* ControllerManager.swift */,
			);
			path = Scene;
			sourceTree = "<group>";
		};
		0E61D68F2907D4710098A3F5 /* UI */ = {
			isa = PBXGroup;
			children = (
				0EF59AD5290978E2003FEA03 /* TapBarVC.swift */,
				0E9BC15928FEB7B700B8DB56 /* StartViewController.swift */,
				0E61D68E2907D4420098A3F5 /* Scene */,
			);
			path = UI;
			sourceTree = "<group>";
		};
		0E61D6962907F0710098A3F5 /* Password related */ = {
			isa = PBXGroup;
			children = (
				0E61D6942907F0080098A3F5 /* PasswordChangeVC.swift */,
				0E61D6992907F0E20098A3F5 /* PasswordView.swift */,
				0E9973752908E38A00B95BC6 /* PasswordCompletion */,
			);
			path = "Password related";
			sourceTree = "<group>";
		};
		0E7929C229263B8300C0D188 /* Theme */ = {
			isa = PBXGroup;
			children = (
				0E23C221292618C000C467F8 /* ThemeVC.swift */,
				0E7929C32926428A00C0D188 /* ThemeListCell.swift */,
				0E23C2192925BDB600C467F8 /* ChangeThemeCell.swift */,
			);
			path = Theme;
			sourceTree = "<group>";
		};
		0E99736E2908A52B00B95BC6 /* Certification */ = {
			isa = PBXGroup;
			children = (
				0E99736C2908A52400B95BC6 /* CertificationVC.swift */,
				0E99736F2908A58F00B95BC6 /* CertificationView.swift */,
				0EF59AD329096081003FEA03 /* CertificationCompletionVC.swift */,
			);
			path = Certification;
			sourceTree = "<group>";
		};
		0E9973752908E38A00B95BC6 /* PasswordCompletion */ = {
			isa = PBXGroup;
			children = (
				0E99737A2908E44C00B95BC6 /* PasswordCompletionVC.swift */,
				0E9973762908E3C100B95BC6 /* PasswordCompletionView.swift */,
			);
			path = PasswordCompletion;
			sourceTree = "<group>";
		};
		0EAFF93029211D1300162DD0 /* Advertisement */ = {
			isa = PBXGroup;
			children = (
				0EAFF92E29211D0D00162DD0 /* AdvertisementSectionView.swift */,
			);
			path = Advertisement;
			sourceTree = "<group>";
		};
		0EAFF9332921332600162DD0 /* CategoryView */ = {
			isa = PBXGroup;
			children = (
				0EAFF9342921335D00162DD0 /* CategorySectionView.swift */,
				0EAFF9382921B49700162DD0 /* CategorySectionViewCell.swift */,
			);
			path = CategoryView;
			sourceTree = "<group>";
		};
		0EAFF93C2921E0EB00162DD0 /* BadgesShopView */ = {
			isa = PBXGroup;
			children = (
				0EAFF9332921332600162DD0 /* CategoryView */,
				0E23C207292477B200C467F8 /* BagesDetail */,
				0EAFF93D2921E30600162DD0 /* BadgesCell.swift */,
				0E23C2052923BFAC00C467F8 /* BagesTapView.swift */,
				0EAFF94829222E6100162DD0 /* BagesListModel.swift */,
				0EAFF95529239C3600162DD0 /* PurchaseAndGiftButtonView.swift */,
				0EAFF94529221BD700162DD0 /* LastTextView */,
				0EAFF94229221B6B00162DD0 /* NewBadges */,
				0EAFF93F2921F0E200162DD0 /* PopularBadges */,
			);
			path = BadgesShopView;
			sourceTree = "<group>";
		};
		0EAFF93F2921F0E200162DD0 /* PopularBadges */ = {
			isa = PBXGroup;
			children = (
				0EAFF93A2921E0E600162DD0 /* PopularBadgesView.swift */,
			);
			path = PopularBadges;
			sourceTree = "<group>";
		};
		0EAFF94229221B6B00162DD0 /* NewBadges */ = {
			isa = PBXGroup;
			children = (
				0EAFF9402921F10E00162DD0 /* NewBadgesView.swift */,
			);
			path = NewBadges;
			sourceTree = "<group>";
		};
		0EAFF94529221BD700162DD0 /* LastTextView */ = {
			isa = PBXGroup;
			children = (
				0EAFF94329221BD000162DD0 /* LastTextView.swift */,
			);
			path = LastTextView;
			sourceTree = "<group>";
		};
		0EE4351728F4476F00CA7E58 = {
			isa = PBXGroup;
			children = (
				0EE4352228F4476F00CA7E58 /* RGB */,
				0EE4352128F4476F00CA7E58 /* Products */,
				744F24B3DEB2EB9E1BE728E2 /* Pods */,
				4506CC6BBE48D7F98F9FC21C /* Frameworks */,
			);
			sourceTree = "<group>";
		};
		0EE4352128F4476F00CA7E58 /* Products */ = {
			isa = PBXGroup;
			children = (
				0EE4352028F4476F00CA7E58 /* RGB.app */,
			);
			name = Products;
			sourceTree = "<group>";
		};
		0EE4352228F4476F00CA7E58 /* RGB */ = {
			isa = PBXGroup;
			children = (
				0E61D68D2907D3B20098A3F5 /* App */,
				0E61D68F2907D4710098A3F5 /* UI */,
				0E0F94E428FD5E080004951F /* Model */,
				0E0F94E128FD5D640004951F /* Networking */,
				0EF711662906A2F7005D62EE /* textFile */,
				0EE4352E28F4477000CA7E58 /* LaunchScreen.storyboard */,
				0EEE8D422911E99500227199 /* Font */,
				0EE4352C28F4477000CA7E58 /* Images.xcassets */,
				0E555B2D29108CE6005E379E /* Colors.xcassets */,
				0EE4353128F4477000CA7E58 /* Info.plist */,
			);
			path = RGB;
			sourceTree = "<group>";
		};
		0EEE8D3F29110A7600227199 /* Model */ = {
			isa = PBXGroup;
			children = (
				0E2CBE1D29307B3F001667BE /* UserGraphListModel.swift */,
			);
			path = Model;
			sourceTree = "<group>";
		};
		0EEE8D422911E99500227199 /* Font */ = {
			isa = PBXGroup;
			children = (
				0EEE8D402911E75200227199 /* Roboto-Bold.ttf */,
			);
			path = Font;
			sourceTree = "<group>";
		};
		0EF59AD72909791E003FEA03 /* BaseSign */ = {
			isa = PBXGroup;
			children = (
				0E856A582906880400F2A258 /* BaseSignView.swift */,
				0E9973732908A8F700B95BC6 /* BaseCompletionView.swift */,
				0E555B25290FC004005E379E /* BGroundBase */,
			);
			path = BaseSign;
			sourceTree = "<group>";
		};
		0EF59AE229097B84003FEA03 /* Home */ = {
			isa = PBXGroup;
			children = (
				0E2CBE2929307ED7001667BE /* MainHomeViewController */,
				0EF59B06290CD876003FEA03 /* UserGraphListView */,
				0EF59B00290A07E8003FEA03 /* SuggestionView */,
				0EF59B05290CD81C003FEA03 /* GrassView */,
			);
			path = Home;
			sourceTree = "<group>";
		};
		0EF59AE329097B91003FEA03 /* Chart */ = {
			isa = PBXGroup;
			children = (
				0EF69C3D2928604900C36DAC /* BaseChart */,
				0EF69C4229288F2E00C36DAC /* Coin */,
				0EF69C4C2928A7A300C36DAC /* Stats */,
				0EF69C4D2928D0BD00C36DAC /* Rank */,
			);
			path = Chart;
			sourceTree = "<group>";
		};
		0EF59AE429097BA7003FEA03 /* Search */ = {
			isa = PBXGroup;
			children = (
				0EF69C5729291D3600C36DAC /* BaseAbstractSearch.swift */,
				0EF69C5929291F1500C36DAC /* CoinSearch */,
				0EF69C5C29291F8600C36DAC /* UserSearch */,
			);
			path = Search;
			sourceTree = "<group>";
		};
		0EF59AE529097BB2003FEA03 /* Shop */ = {
			isa = PBXGroup;
			children = (
				0EF69C30292790E000C36DAC /* Shops */,
			);
			path = Shop;
			sourceTree = "<group>";
		};
		0EF59AE629097BBD003FEA03 /* User */ = {
			isa = PBXGroup;
			children = (
				F211DC1658F4F0A12C74281E /* UserVC.swift */,
				0E23C21529250CA900C467F8 /* UserGrass */,
				0E23C2122924EDD500C467F8 /* UserBages */,
				0E23C20F2924D2DD00C467F8 /* UserChart */,
				0E23C20C2924BEF500C467F8 /* UserInformation */,
			);
			path = User;
			sourceTree = "<group>";
		};
		0EF59B00290A07E8003FEA03 /* SuggestionView */ = {
			isa = PBXGroup;
			children = (
				0E555B2A290FE139005E379E /* Model */,
				0E2CBE1B29307965001667BE /* View */,
				0E2CBE1C29307976001667BE /* ViewModel */,
				0E2CBE18293078B6001667BE /* SuggestionCollectionCell */,
				0E2CBE152930785C001667BE /* SuggesionDetail */,
			);
			path = SuggestionView;
			sourceTree = "<group>";
		};
		0EF59B05290CD81C003FEA03 /* GrassView */ = {
			isa = PBXGroup;
			children = (
				0E2CBE2629307D95001667BE /* Model */,
				0E2CBE2729307D9F001667BE /* View */,
				0E2CBE2529307D7F001667BE /* GrassViewCell */,
				0E2CBE2829307DD2001667BE /* GrassSectionDetil */,
			);
			path = GrassView;
			sourceTree = "<group>";
		};
		0EF59B06290CD876003FEA03 /* UserGraphListView */ = {
			isa = PBXGroup;
			children = (
				0EEE8D3F29110A7600227199 /* Model */,
				0E2CBE1929307929001667BE /* View */,
				0E2CBE1A29307936001667BE /* ViewModel */,
				0E2CBE1229307506001667BE /* UserGraphListDetailView */,
			);
			path = UserGraphListView;
			sourceTree = "<group>";
		};
		0EF69C2E2927904D00C36DAC /* Main */ = {
			isa = PBXGroup;
			children = (
				0EF59ADE29097AE6003FEA03 /* ShopVC.swift */,
				0EAFF93029211D1300162DD0 /* Advertisement */,
				0EAFF93C2921E0EB00162DD0 /* BadgesShopView */,
			);
			path = Main;
			sourceTree = "<group>";
		};
		0EF69C2F292790B800C36DAC /* Category */ = {
			isa = PBXGroup;
			children = (
				0EF69C2A29275EF300C36DAC /* CategoryViewController.swift */,
				0EF69C5D292A587200C36DAC /* CateforyCollectionViewCell.swift */,
			);
			path = Category;
			sourceTree = "<group>";
		};
		0EF69C30292790E000C36DAC /* Shops */ = {
			isa = PBXGroup;
			children = (
				0EF69C3A29279DCB00C36DAC /* BaseShop */,
				0EF69C2E2927904D00C36DAC /* Main */,
				0EF69C2F292790B800C36DAC /* Category */,
				0EF69C352927971400C36DAC /* List */,
				0EF69C39292797AB00C36DAC /* GrassGatcha */,
			);
			path = Shops;
			sourceTree = "<group>";
		};
		0EF69C352927971400C36DAC /* List */ = {
			isa = PBXGroup;
			children = (
				0EF69C332927970800C36DAC /* LIstVC.swift */,
				0EF69C5F292AF25E00C36DAC /* ListCollectionViewCell.swift */,
			);
			path = List;
			sourceTree = "<group>";
		};
		0EF69C39292797AB00C36DAC /* GrassGatcha */ = {
			isa = PBXGroup;
			children = (
				0EF69C362927973D00C36DAC /* GrassGatchaVC.swift */,
			);
			path = GrassGatcha;
			sourceTree = "<group>";
		};
		0EF69C3A29279DCB00C36DAC /* BaseShop */ = {
			isa = PBXGroup;
			children = (
				0EF69C312927911400C36DAC /* BaseAbstractShop.swift */,
			);
			path = BaseShop;
			sourceTree = "<group>";
		};
		0EF69C3D2928604900C36DAC /* BaseChart */ = {
			isa = PBXGroup;
			children = (
				0EF69C3B29285F2300C36DAC /* BaseAbstractChart.swift */,
			);
			path = BaseChart;
			sourceTree = "<group>";
		};
		0EF69C4229288F2E00C36DAC /* Coin */ = {
			isa = PBXGroup;
			children = (
				0E2CBE2A29307EF7001667BE /* MainCoinViewController */,
				0EF69C4529289D3800C36DAC /* PopularCoin */,
				0EF69C4829289D6400C36DAC /* IncreaseCoin */,
				0EF69C4B2928A2D700C36DAC /* DropCoin */,
			);
			path = Coin;
			sourceTree = "<group>";
		};
		0EF69C4529289D3800C36DAC /* PopularCoin */ = {
			isa = PBXGroup;
			children = (
				0E2CBE2D29307F93001667BE /* View */,
				0E2CBE2E29307F9B001667BE /* ViewModel */,
			);
			path = PopularCoin;
			sourceTree = "<group>";
		};
		0EF69C4829289D6400C36DAC /* IncreaseCoin */ = {
			isa = PBXGroup;
			children = (
				0E2CBE312930802D001667BE /* View */,
				0E2CBE3229308035001667BE /* ViewModel */,
			);
			path = IncreaseCoin;
			sourceTree = "<group>";
		};
		0EF69C4B2928A2D700C36DAC /* DropCoin */ = {
			isa = PBXGroup;
			children = (
				0E2CBE35293080AC001667BE /* View */,
				0E2CBE36293080B4001667BE /* ViewModel */,
			);
			path = DropCoin;
			sourceTree = "<group>";
		};
		0EF69C4C2928A7A300C36DAC /* Stats */ = {
			isa = PBXGroup;
			children = (
				0E2CBE382930821D001667BE /* Model */,
				0E2CBE3A29308269001667BE /* View */,
				0E2CBE3D293082C3001667BE /* ViewModel */,
				0E2CBE3929308253001667BE /* StatsTableViewCell */,
			);
			path = Stats;
			sourceTree = "<group>";
		};
		0EF69C4D2928D0BD00C36DAC /* Rank */ = {
			isa = PBXGroup;
			children = (
				0EF69C40292863BE00C36DAC /* RankVC.swift */,
				0EF69C502928E4A300C36DAC /* myRank */,
				0EF69C532928E63D00C36DAC /* fundsHighestThree */,
				0EF69C562928EC7700C36DAC /* RevenueHighestThree */,
			);
			path = Rank;
			sourceTree = "<group>";
		};
		0EF69C502928E4A300C36DAC /* myRank */ = {
			isa = PBXGroup;
			children = (
				0EF69C4E2928D34B00C36DAC /* MyRankView.swift */,
			);
			path = myRank;
			sourceTree = "<group>";
		};
		0EF69C532928E63D00C36DAC /* fundsHighestThree */ = {
			isa = PBXGroup;
			children = (
				0EF69C512928E53B00C36DAC /* HighestThreeView.swift */,
			);
			path = fundsHighestThree;
			sourceTree = "<group>";
		};
		0EF69C562928EC7700C36DAC /* RevenueHighestThree */ = {
			isa = PBXGroup;
			children = (
				0EF69C542928EC7100C36DAC /* RevenueHighestThree.swift */,
			);
			path = RevenueHighestThree;
			sourceTree = "<group>";
		};
		0EF69C5929291F1500C36DAC /* CoinSearch */ = {
			isa = PBXGroup;
			children = (
				0EF59ADC29097AD9003FEA03 /* CoinSearchVC.swift */,
			);
			path = CoinSearch;
			sourceTree = "<group>";
		};
		0EF69C5C29291F8600C36DAC /* UserSearch */ = {
			isa = PBXGroup;
			children = (
				0EF69C5A29291F3000C36DAC /* UserSearchView.swift */,
			);
			path = UserSearch;
			sourceTree = "<group>";
		};
		0EF711662906A2F7005D62EE /* textFile */ = {
			isa = PBXGroup;
			children = (
				0E0F94E528FD5FC50004951F /* Signup.swift */,
				0E9BC16328FEC49B00B8DB56 /* MainSignupVC.swift */,
			);
			path = textFile;
			sourceTree = "<group>";
		};
		0EF7116B2907ACA8005D62EE /* Login */ = {
			isa = PBXGroup;
			children = (
				0EF59AD72909791E003FEA03 /* BaseSign */,
				0E9BC16128FEC46100B8DB56 /* LoginVC.swift */,
				0EF711672906A419005D62EE /* LoginView.swift */,
				0E61D6962907F0710098A3F5 /* Password related */,
			);
			path = Login;
			sourceTree = "<group>";
		};
		4506CC6BBE48D7F98F9FC21C /* Frameworks */ = {
			isa = PBXGroup;
			children = (
				8416AB1030575CC12D855FE4 /* Pods_RGB.framework */,
			);
			name = Frameworks;
			sourceTree = "<group>";
		};
		744F24B3DEB2EB9E1BE728E2 /* Pods */ = {
			isa = PBXGroup;
			children = (
				BDF07B590D822EC472F2703B /* Pods-RGB.debug.xcconfig */,
				6F19F388A3CBD1A2BBFF1839 /* Pods-RGB.release.xcconfig */,
			);
			path = Pods;
			sourceTree = "<group>";
		};
/* End PBXGroup section */

/* Begin PBXNativeTarget section */
		0EE4351F28F4476F00CA7E58 /* RGB */ = {
			isa = PBXNativeTarget;
			buildConfigurationList = 0EE4353428F4477000CA7E58 /* Build configuration list for PBXNativeTarget "RGB" */;
			buildPhases = (
				3488FECD300B8946E0923024 /* [CP] Check Pods Manifest.lock */,
				0EE4351C28F4476F00CA7E58 /* Sources */,
				0EE4351D28F4476F00CA7E58 /* Frameworks */,
				0EE4351E28F4476F00CA7E58 /* Resources */,
				8D789F7C7671F08DBC550789 /* [CP] Embed Pods Frameworks */,
			);
			buildRules = (
			);
			dependencies = (
			);
			name = RGB;
			productName = RGB;
			productReference = 0EE4352028F4476F00CA7E58 /* RGB.app */;
			productType = "com.apple.product-type.application";
		};
/* End PBXNativeTarget section */

/* Begin PBXProject section */
		0EE4351828F4476F00CA7E58 /* Project object */ = {
			isa = PBXProject;
			attributes = {
				BuildIndependentTargetsInParallel = 1;
				LastSwiftUpdateCheck = 1400;
				LastUpgradeCheck = 1400;
				TargetAttributes = {
					0EE4351F28F4476F00CA7E58 = {
						CreatedOnToolsVersion = 14.0.1;
					};
				};
			};
			buildConfigurationList = 0EE4351B28F4476F00CA7E58 /* Build configuration list for PBXProject "RGB" */;
			compatibilityVersion = "Xcode 14.0";
			developmentRegion = en;
			hasScannedForEncodings = 0;
			knownRegions = (
				en,
				Base,
			);
			mainGroup = 0EE4351728F4476F00CA7E58;
			productRefGroup = 0EE4352128F4476F00CA7E58 /* Products */;
			projectDirPath = "";
			projectRoot = "";
			targets = (
				0EE4351F28F4476F00CA7E58 /* RGB */,
			);
		};
/* End PBXProject section */

/* Begin PBXResourcesBuildPhase section */
		0EE4351E28F4476F00CA7E58 /* Resources */ = {
			isa = PBXResourcesBuildPhase;
			buildActionMask = 2147483647;
			files = (
				0E555B2E29108CE6005E379E /* Colors.xcassets in Resources */,
				0EE4353028F4477000CA7E58 /* LaunchScreen.storyboard in Resources */,
				0EEE8D412911E75200227199 /* Roboto-Bold.ttf in Resources */,
				0EE4352D28F4477000CA7E58 /* Images.xcassets in Resources */,
			);
			runOnlyForDeploymentPostprocessing = 0;
		};
/* End PBXResourcesBuildPhase section */

/* Begin PBXShellScriptBuildPhase section */
		3488FECD300B8946E0923024 /* [CP] Check Pods Manifest.lock */ = {
			isa = PBXShellScriptBuildPhase;
			buildActionMask = 2147483647;
			files = (
			);
			inputFileListPaths = (
			);
			inputPaths = (
				"${PODS_PODFILE_DIR_PATH}/Podfile.lock",
				"${PODS_ROOT}/Manifest.lock",
			);
			name = "[CP] Check Pods Manifest.lock";
			outputFileListPaths = (
			);
			outputPaths = (
				"$(DERIVED_FILE_DIR)/Pods-RGB-checkManifestLockResult.txt",
			);
			runOnlyForDeploymentPostprocessing = 0;
			shellPath = /bin/sh;
			shellScript = "diff \"${PODS_PODFILE_DIR_PATH}/Podfile.lock\" \"${PODS_ROOT}/Manifest.lock\" > /dev/null\nif [ $? != 0 ] ; then\n    # print error to STDERR\n    echo \"error: The sandbox is not in sync with the Podfile.lock. Run 'pod install' or update your CocoaPods installation.\" >&2\n    exit 1\nfi\n# This output is used by Xcode 'outputs' to avoid re-running this script phase.\necho \"SUCCESS\" > \"${SCRIPT_OUTPUT_FILE_0}\"\n";
			showEnvVarsInLog = 0;
		};
		8D789F7C7671F08DBC550789 /* [CP] Embed Pods Frameworks */ = {
			isa = PBXShellScriptBuildPhase;
			buildActionMask = 2147483647;
			files = (
			);
			inputFileListPaths = (
				"${PODS_ROOT}/Target Support Files/Pods-RGB/Pods-RGB-frameworks-${CONFIGURATION}-input-files.xcfilelist",
			);
			name = "[CP] Embed Pods Frameworks";
			outputFileListPaths = (
				"${PODS_ROOT}/Target Support Files/Pods-RGB/Pods-RGB-frameworks-${CONFIGURATION}-output-files.xcfilelist",
			);
			runOnlyForDeploymentPostprocessing = 0;
			shellPath = /bin/sh;
			shellScript = "\"${PODS_ROOT}/Target Support Files/Pods-RGB/Pods-RGB-frameworks.sh\"\n";
			showEnvVarsInLog = 0;
		};
/* End PBXShellScriptBuildPhase section */

/* Begin PBXSourcesBuildPhase section */
		0EE4351C28F4476F00CA7E58 /* Sources */ = {
			isa = PBXSourcesBuildPhase;
			buildActionMask = 2147483647;
			files = (
				0E23C209292477E200C467F8 /* BagesDetailBuyVC.swift in Sources */,
				0EF59AFF2909FE01003FEA03 /* Separator.swift in Sources */,
				0E23C2112924EDCE00C467F8 /* UserBadgesView.swift in Sources */,
				0E61D6932907E6310098A3F5 /* SignupView.swift in Sources */,
				0E0F94DA28FD5D590004951F /* ModelType.swift in Sources */,
				0E0F94DB28FD5D590004951F /* MyAPI.swift in Sources */,
				0E0F94DD28FD5D590004951F /* MyAPI+Path.swift in Sources */,
				0E555B29290FE0EC005E379E /* SuggesionDetailViewController.swift in Sources */,
				0E2CBE11293074D9001667BE /* UserGraphListSectionViewModel.swift in Sources */,
				0EF59AD929097ABA003FEA03 /* HomeVC.swift in Sources */,
				0E23C2062923BFAC00C467F8 /* BagesTapView.swift in Sources */,
				0EF69C4A2928A2D100C36DAC /* DropCoinView.swift in Sources */,
				0EF69C4429288F8500C36DAC /* PopularCoinView.swift in Sources */,
				0EF59ADF29097AE6003FEA03 /* ShopVC.swift in Sources */,
				0E2CBE3429308090001667BE /* DrapCoinViewModel.swift in Sources */,
				0EAFF92F29211D0D00162DD0 /* AdvertisementSectionView.swift in Sources */,
				0E0F94D928FD5D590004951F /* MyAPI+Method.swift in Sources */,
				0E23C21A2925BDB600C467F8 /* ChangeThemeCell.swift in Sources */,
				0E2CBE1729307894001667BE /* SuggestionCoinViewModel.swift in Sources */,
				0E555B24290FB7F5005E379E /* BackGroundTypes.swift in Sources */,
				0EF59AF72909993A003FEA03 /* SuggestionCoinSectionView.swift in Sources */,
				0E23C20E2924D14D00C467F8 /* UserChartView.swift in Sources */,
				0EEE8D3C2911093700227199 /* UserGraphListDetileVC.swift in Sources */,
				0E99737B2908E44C00B95BC6 /* PasswordCompletionVC.swift in Sources */,
				0E2CBDD8292F550C001667BE /* StatsUserTableViewCell.swift in Sources */,
				0E0F94DC28FD5D590004951F /* Moya+NetworkError.swift in Sources */,
				0E9BC16428FEC49B00B8DB56 /* MainSignupVC.swift in Sources */,
				0E9973742908A8F700B95BC6 /* BaseCompletionView.swift in Sources */,
				0EAFF9392921B49700162DD0 /* CategorySectionViewCell.swift in Sources */,
				0EF59AFD2909997A003FEA03 /* SuggestionFeature.swift in Sources */,
				0EF69C522928E53B00C36DAC /* HighestThreeView.swift in Sources */,
				0EF69C3F2928637500C36DAC /* StatsVC.swift in Sources */,
				0EAFF9352921335D00162DD0 /* CategorySectionView.swift in Sources */,
				0E2CBDCB292E0518001667BE /* GrasscollectionViewCell.swift in Sources */,
				0EF59ADD29097AD9003FEA03 /* CoinSearchVC.swift in Sources */,
				0E61D6952907F0080098A3F5 /* PasswordChangeVC.swift in Sources */,
				0E23C21E2925BE6F00C467F8 /* ChangeLanguageCell.swift in Sources */,
				0EEE8D5729126E2800227199 /* GrassSectionDetilVC.swift in Sources */,
				0EF69C5E292A587200C36DAC /* CateforyCollectionViewCell.swift in Sources */,
				0E0F94E628FD5FC50004951F /* Signup.swift in Sources */,
				0E0F94DE28FD5D590004951F /* MyAPI+Request.swift in Sources */,
				0E23C20B2924BCD800C467F8 /* UserInformationView.swift in Sources */,
				0EF69C2D29278E4D00C36DAC /* ControllerManager.swift in Sources */,
				0E0F94DF28FD5D590004951F /* MyAPI+Task.swift in Sources */,
				0EAFF93E2921E30600162DD0 /* BadgesCell.swift in Sources */,
				0E23C2172925B5A500C467F8 /* SettingVC.swift in Sources */,
				0EAFF93B2921E0E600162DD0 /* PopularBadgesView.swift in Sources */,
				0EAFF94429221BD000162DD0 /* LastTextView.swift in Sources */,
				0EF69C4F2928D34B00C36DAC /* MyRankView.swift in Sources */,
				0E2CBE3C293082C0001667BE /* StatsViewModel.swift in Sources */,
				0EAFF94929222E6100162DD0 /* BagesListModel.swift in Sources */,
				0E2CBE2129307C63001667BE /* SuggesionDetailViewModel.swift in Sources */,
				0EF59AF92909994F003FEA03 /* SuggestionFeatureCollectionViewCell.swift in Sources */,
				0E9BC15A28FEB7B700B8DB56 /* StartViewController.swift in Sources */,
				0EAFF9412921F10E00162DD0 /* NewBadgesView.swift in Sources */,
				0E9BC16228FEC46100B8DB56 /* LoginVC.swift in Sources */,
				0EF69C5B29291F3000C36DAC /* UserSearchView.swift in Sources */,
				0E2CBE1E29307B3F001667BE /* UserGraphListModel.swift in Sources */,
				0EF59AD429096081003FEA03 /* CertificationCompletionVC.swift in Sources */,
				0EF69C4729289D5F00C36DAC /* IncreaseCoinView.swift in Sources */,
				0EF69C322927911400C36DAC /* BaseAbstractShop.swift in Sources */,
				0E555B22290FB768005E379E /* BackGroundVC.swift in Sources */,
				0EF69C3C29285F2300C36DAC /* BaseAbstractChart.swift in Sources */,
				0EF69C372927973D00C36DAC /* GrassGatchaVC.swift in Sources */,
				0EF711682906A419005D62EE /* LoginView.swift in Sources */,
				0EE4352428F4476F00CA7E58 /* AppDelegate.swift in Sources */,
				0E2CBE14293076C7001667BE /* UserGraphListDetileViewModel.swift in Sources */,
				0E99736D2908A52400B95BC6 /* CertificationVC.swift in Sources */,
				0E23C222292618C000C467F8 /* ThemeVC.swift in Sources */,
				0EF69C60292AF25E00C36DAC /* ListCollectionViewCell.swift in Sources */,
				0EEE8D5929126E9500227199 /* GrassSectionModel.swift in Sources */,
				0EF69C2B29275EF300C36DAC /* CategoryViewController.swift in Sources */,
				0E0F94E028FD5D590004951F /* MyAPI+BaseURL.swift in Sources */,
				0E555B27290FDF2E005E379E /* SuggestionModel.swift in Sources */,
				0E61D6912907E6250098A3F5 /* SignupVC.swift in Sources */,
				0EF59ADB29097ACF003FEA03 /* CoinVC.swift in Sources */,
				0E61D69A2907F0E20098A3F5 /* PasswordView.swift in Sources */,
				0E23C2202925BE9E00C467F8 /* AccountSettingCell.swift in Sources */,
				0EF69C41292863BE00C36DAC /* RankVC.swift in Sources */,
				0E2CBE2C29307F63001667BE /* PopularCoinViewModel.swift in Sources */,
				0E23C21C2925BE3E00C467F8 /* NotificationSettingsCell.swift in Sources */,
				0EF69C342927970800C36DAC /* LIstVC.swift in Sources */,
				0EF59B04290CD7EF003FEA03 /* GrassSectionView.swift in Sources */,
				0EAFF95629239C3600162DD0 /* PurchaseAndGiftButtonView.swift in Sources */,
				0E2CBE3029307FF8001667BE /* IncreaseCoinViewModel.swift in Sources */,
				0EAFF94B2922444500162DD0 /* BagesDetailVC.swift in Sources */,
				0EF69C552928EC7100C36DAC /* RevenueHighestThree.swift in Sources */,
				0E23C21429250CA300C467F8 /* UserGrassColorView.swift in Sources */,
				0E2CBDD6292F0E27001667BE /* MyStatsHoldingsChartModel.swift in Sources */,
				0EE4352628F4476F00CA7E58 /* SceneDelegate.swift in Sources */,
				0E9973702908A58F00B95BC6 /* CertificationView.swift in Sources */,
				0EF59AEF29099246003FEA03 /* UserGraphListSectionView.swift in Sources */,
				0EF69C5829291D3600C36DAC /* BaseAbstractSearch.swift in Sources */,
				0EF59AD6290978E2003FEA03 /* TapBarVC.swift in Sources */,
				0E7929C42926428A00C0D188 /* ThemeListCell.swift in Sources */,
				0E856A592906880400F2A258 /* BaseSignView.swift in Sources */,
				0E0F94E328FD5DFF0004951F /* RequestModel.swift in Sources */,
				0E9973772908E3C100B95BC6 /* PasswordCompletionView.swift in Sources */,
				F211DB7D48C4AEBE76C7FC00 /* UserVC.swift in Sources */,
			);
			runOnlyForDeploymentPostprocessing = 0;
		};
/* End PBXSourcesBuildPhase section */

/* Begin PBXVariantGroup section */
		0EE4352E28F4477000CA7E58 /* LaunchScreen.storyboard */ = {
			isa = PBXVariantGroup;
			children = (
				0EE4352F28F4477000CA7E58 /* Base */,
			);
			name = LaunchScreen.storyboard;
			sourceTree = "<group>";
		};
/* End PBXVariantGroup section */

/* Begin XCBuildConfiguration section */
		0EE4353228F4477000CA7E58 /* Debug */ = {
			isa = XCBuildConfiguration;
			buildSettings = {
				ALWAYS_SEARCH_USER_PATHS = NO;
				CLANG_ANALYZER_NONNULL = YES;
				CLANG_ANALYZER_NUMBER_OBJECT_CONVERSION = YES_AGGRESSIVE;
				CLANG_CXX_LANGUAGE_STANDARD = "gnu++20";
				CLANG_ENABLE_MODULES = YES;
				CLANG_ENABLE_OBJC_ARC = YES;
				CLANG_ENABLE_OBJC_WEAK = YES;
				CLANG_WARN_BLOCK_CAPTURE_AUTORELEASING = YES;
				CLANG_WARN_BOOL_CONVERSION = YES;
				CLANG_WARN_COMMA = YES;
				CLANG_WARN_CONSTANT_CONVERSION = YES;
				CLANG_WARN_DEPRECATED_OBJC_IMPLEMENTATIONS = YES;
				CLANG_WARN_DIRECT_OBJC_ISA_USAGE = YES_ERROR;
				CLANG_WARN_DOCUMENTATION_COMMENTS = YES;
				CLANG_WARN_EMPTY_BODY = YES;
				CLANG_WARN_ENUM_CONVERSION = YES;
				CLANG_WARN_INFINITE_RECURSION = YES;
				CLANG_WARN_INT_CONVERSION = YES;
				CLANG_WARN_NON_LITERAL_NULL_CONVERSION = YES;
				CLANG_WARN_OBJC_IMPLICIT_RETAIN_SELF = YES;
				CLANG_WARN_OBJC_LITERAL_CONVERSION = YES;
				CLANG_WARN_OBJC_ROOT_CLASS = YES_ERROR;
				CLANG_WARN_QUOTED_INCLUDE_IN_FRAMEWORK_HEADER = YES;
				CLANG_WARN_RANGE_LOOP_ANALYSIS = YES;
				CLANG_WARN_STRICT_PROTOTYPES = YES;
				CLANG_WARN_SUSPICIOUS_MOVE = YES;
				CLANG_WARN_UNGUARDED_AVAILABILITY = YES_AGGRESSIVE;
				CLANG_WARN_UNREACHABLE_CODE = YES;
				CLANG_WARN__DUPLICATE_METHOD_MATCH = YES;
				COPY_PHASE_STRIP = NO;
				DEBUG_INFORMATION_FORMAT = dwarf;
				ENABLE_STRICT_OBJC_MSGSEND = YES;
				ENABLE_TESTABILITY = YES;
				GCC_C_LANGUAGE_STANDARD = gnu11;
				GCC_DYNAMIC_NO_PIC = NO;
				GCC_NO_COMMON_BLOCKS = YES;
				GCC_OPTIMIZATION_LEVEL = 0;
				GCC_PREPROCESSOR_DEFINITIONS = (
					"DEBUG=1",
					"$(inherited)",
				);
				GCC_WARN_64_TO_32_BIT_CONVERSION = YES;
				GCC_WARN_ABOUT_RETURN_TYPE = YES_ERROR;
				GCC_WARN_UNDECLARED_SELECTOR = YES;
				GCC_WARN_UNINITIALIZED_AUTOS = YES_AGGRESSIVE;
				GCC_WARN_UNUSED_FUNCTION = YES;
				GCC_WARN_UNUSED_VARIABLE = YES;
				IPHONEOS_DEPLOYMENT_TARGET = 16.0;
				MTL_ENABLE_DEBUG_INFO = INCLUDE_SOURCE;
				MTL_FAST_MATH = YES;
				ONLY_ACTIVE_ARCH = YES;
				SDKROOT = iphoneos;
				SWIFT_ACTIVE_COMPILATION_CONDITIONS = DEBUG;
				SWIFT_OPTIMIZATION_LEVEL = "-Onone";
			};
			name = Debug;
		};
		0EE4353328F4477000CA7E58 /* Release */ = {
			isa = XCBuildConfiguration;
			buildSettings = {
				ALWAYS_SEARCH_USER_PATHS = NO;
				CLANG_ANALYZER_NONNULL = YES;
				CLANG_ANALYZER_NUMBER_OBJECT_CONVERSION = YES_AGGRESSIVE;
				CLANG_CXX_LANGUAGE_STANDARD = "gnu++20";
				CLANG_ENABLE_MODULES = YES;
				CLANG_ENABLE_OBJC_ARC = YES;
				CLANG_ENABLE_OBJC_WEAK = YES;
				CLANG_WARN_BLOCK_CAPTURE_AUTORELEASING = YES;
				CLANG_WARN_BOOL_CONVERSION = YES;
				CLANG_WARN_COMMA = YES;
				CLANG_WARN_CONSTANT_CONVERSION = YES;
				CLANG_WARN_DEPRECATED_OBJC_IMPLEMENTATIONS = YES;
				CLANG_WARN_DIRECT_OBJC_ISA_USAGE = YES_ERROR;
				CLANG_WARN_DOCUMENTATION_COMMENTS = YES;
				CLANG_WARN_EMPTY_BODY = YES;
				CLANG_WARN_ENUM_CONVERSION = YES;
				CLANG_WARN_INFINITE_RECURSION = YES;
				CLANG_WARN_INT_CONVERSION = YES;
				CLANG_WARN_NON_LITERAL_NULL_CONVERSION = YES;
				CLANG_WARN_OBJC_IMPLICIT_RETAIN_SELF = YES;
				CLANG_WARN_OBJC_LITERAL_CONVERSION = YES;
				CLANG_WARN_OBJC_ROOT_CLASS = YES_ERROR;
				CLANG_WARN_QUOTED_INCLUDE_IN_FRAMEWORK_HEADER = YES;
				CLANG_WARN_RANGE_LOOP_ANALYSIS = YES;
				CLANG_WARN_STRICT_PROTOTYPES = YES;
				CLANG_WARN_SUSPICIOUS_MOVE = YES;
				CLANG_WARN_UNGUARDED_AVAILABILITY = YES_AGGRESSIVE;
				CLANG_WARN_UNREACHABLE_CODE = YES;
				CLANG_WARN__DUPLICATE_METHOD_MATCH = YES;
				COPY_PHASE_STRIP = NO;
				DEBUG_INFORMATION_FORMAT = "dwarf-with-dsym";
				ENABLE_NS_ASSERTIONS = NO;
				ENABLE_STRICT_OBJC_MSGSEND = YES;
				GCC_C_LANGUAGE_STANDARD = gnu11;
				GCC_NO_COMMON_BLOCKS = YES;
				GCC_WARN_64_TO_32_BIT_CONVERSION = YES;
				GCC_WARN_ABOUT_RETURN_TYPE = YES_ERROR;
				GCC_WARN_UNDECLARED_SELECTOR = YES;
				GCC_WARN_UNINITIALIZED_AUTOS = YES_AGGRESSIVE;
				GCC_WARN_UNUSED_FUNCTION = YES;
				GCC_WARN_UNUSED_VARIABLE = YES;
				IPHONEOS_DEPLOYMENT_TARGET = 16.0;
				MTL_ENABLE_DEBUG_INFO = NO;
				MTL_FAST_MATH = YES;
				SDKROOT = iphoneos;
				SWIFT_COMPILATION_MODE = wholemodule;
				SWIFT_OPTIMIZATION_LEVEL = "-O";
				VALIDATE_PRODUCT = YES;
			};
			name = Release;
		};
		0EE4353528F4477000CA7E58 /* Debug */ = {
			isa = XCBuildConfiguration;
			baseConfigurationReference = BDF07B590D822EC472F2703B /* Pods-RGB.debug.xcconfig */;
			buildSettings = {
				ASSETCATALOG_COMPILER_APPICON_NAME = AppIcon;
				ASSETCATALOG_COMPILER_GLOBAL_ACCENT_COLOR_NAME = AccentColor;
				CODE_SIGN_STYLE = Automatic;
				CURRENT_PROJECT_VERSION = 1;
				DEVELOPMENT_TEAM = 92YDTRVDUA;
				GENERATE_INFOPLIST_FILE = YES;
				INFOPLIST_FILE = RGB/Info.plist;
				INFOPLIST_KEY_UIApplicationSupportsIndirectInputEvents = YES;
				INFOPLIST_KEY_UILaunchStoryboardName = LaunchScreen;
				INFOPLIST_KEY_UIMainStoryboardFile = "";
				INFOPLIST_KEY_UISupportedInterfaceOrientations_iPad = "UIInterfaceOrientationPortrait UIInterfaceOrientationPortraitUpsideDown UIInterfaceOrientationLandscapeLeft UIInterfaceOrientationLandscapeRight";
				INFOPLIST_KEY_UISupportedInterfaceOrientations_iPhone = "UIInterfaceOrientationPortrait UIInterfaceOrientationLandscapeLeft UIInterfaceOrientationLandscapeRight";
				LD_RUNPATH_SEARCH_PATHS = (
					"$(inherited)",
					"@executable_path/Frameworks",
				);
				MARKETING_VERSION = 1.0;
				PRODUCT_BUNDLE_IDENTIFIER = com.RGB;
				PRODUCT_NAME = "$(TARGET_NAME)";
				SWIFT_EMIT_LOC_STRINGS = YES;
				SWIFT_VERSION = 5.0;
				TARGETED_DEVICE_FAMILY = "1,2";
			};
			name = Debug;
		};
		0EE4353628F4477000CA7E58 /* Release */ = {
			isa = XCBuildConfiguration;
			baseConfigurationReference = 6F19F388A3CBD1A2BBFF1839 /* Pods-RGB.release.xcconfig */;
			buildSettings = {
				ASSETCATALOG_COMPILER_APPICON_NAME = AppIcon;
				ASSETCATALOG_COMPILER_GLOBAL_ACCENT_COLOR_NAME = AccentColor;
				CODE_SIGN_STYLE = Automatic;
				CURRENT_PROJECT_VERSION = 1;
				DEVELOPMENT_TEAM = 92YDTRVDUA;
				GENERATE_INFOPLIST_FILE = YES;
				INFOPLIST_FILE = RGB/Info.plist;
				INFOPLIST_KEY_UIApplicationSupportsIndirectInputEvents = YES;
				INFOPLIST_KEY_UILaunchStoryboardName = LaunchScreen;
				INFOPLIST_KEY_UIMainStoryboardFile = "";
				INFOPLIST_KEY_UISupportedInterfaceOrientations_iPad = "UIInterfaceOrientationPortrait UIInterfaceOrientationPortraitUpsideDown UIInterfaceOrientationLandscapeLeft UIInterfaceOrientationLandscapeRight";
				INFOPLIST_KEY_UISupportedInterfaceOrientations_iPhone = "UIInterfaceOrientationPortrait UIInterfaceOrientationLandscapeLeft UIInterfaceOrientationLandscapeRight";
				LD_RUNPATH_SEARCH_PATHS = (
					"$(inherited)",
					"@executable_path/Frameworks",
				);
				MARKETING_VERSION = 1.0;
				PRODUCT_BUNDLE_IDENTIFIER = com.RGB;
				PRODUCT_NAME = "$(TARGET_NAME)";
				SWIFT_EMIT_LOC_STRINGS = YES;
				SWIFT_VERSION = 5.0;
				TARGETED_DEVICE_FAMILY = "1,2";
			};
			name = Release;
		};
/* End XCBuildConfiguration section */

/* Begin XCConfigurationList section */
		0EE4351B28F4476F00CA7E58 /* Build configuration list for PBXProject "RGB" */ = {
			isa = XCConfigurationList;
			buildConfigurations = (
				0EE4353228F4477000CA7E58 /* Debug */,
				0EE4353328F4477000CA7E58 /* Release */,
			);
			defaultConfigurationIsVisible = 0;
			defaultConfigurationName = Release;
		};
		0EE4353428F4477000CA7E58 /* Build configuration list for PBXNativeTarget "RGB" */ = {
			isa = XCConfigurationList;
			buildConfigurations = (
				0EE4353528F4477000CA7E58 /* Debug */,
				0EE4353628F4477000CA7E58 /* Release */,
			);
			defaultConfigurationIsVisible = 0;
			defaultConfigurationName = Release;
		};
/* End XCConfigurationList section */
	};
	rootObject = 0EE4351828F4476F00CA7E58 /* Project object */;
}
